// !$*UTF8*$!
{
	archiveVersion = 1;
	classes = {
	};
	objectVersion = 48;
	objects = {

/* Begin PBXBuildFile section */
		310288A81FD68EA800FACDAF /* SelectPaymentViewController.swift in Sources */ = {isa = PBXBuildFile; fileRef = 310288A71FD68EA800FACDAF /* SelectPaymentViewController.swift */; };
		310288AA1FD68F2A00FACDAF /* PaymentTableViewCell.swift in Sources */ = {isa = PBXBuildFile; fileRef = 310288A91FD68F2A00FACDAF /* PaymentTableViewCell.swift */; };
		310288AC1FD6908400FACDAF /* PaymentModel.swift in Sources */ = {isa = PBXBuildFile; fileRef = 310288AB1FD6908400FACDAF /* PaymentModel.swift */; };
		311067511FF0EFC900E42E7B /* MultiplyCellTableViewController.swift in Sources */ = {isa = PBXBuildFile; fileRef = 311067501FF0EFC900E42E7B /* MultiplyCellTableViewController.swift */; };
		311067531FF0F06C00E42E7B /* MultiplyCellTableViewCell.swift in Sources */ = {isa = PBXBuildFile; fileRef = 311067521FF0F06C00E42E7B /* MultiplyCellTableViewCell.swift */; };
		311067551FF0F10200E42E7B /* MultiplyCellModel.swift in Sources */ = {isa = PBXBuildFile; fileRef = 311067541FF0F10200E42E7B /* MultiplyCellModel.swift */; };
		311067571FF0FDEE00E42E7B /* UIAlertView+DS.swift in Sources */ = {isa = PBXBuildFile; fileRef = 311067561FF0FDEE00E42E7B /* UIAlertView+DS.swift */; };
		3110675A1FF1040D00E42E7B /* InsideCellClickTableViewController.swift in Sources */ = {isa = PBXBuildFile; fileRef = 311067591FF1040D00E42E7B /* InsideCellClickTableViewController.swift */; };
		3110675C1FF1051500E42E7B /* InsideCellClickModel.swift in Sources */ = {isa = PBXBuildFile; fileRef = 3110675B1FF1051500E42E7B /* InsideCellClickModel.swift */; };
		3110675E1FF105EE00E42E7B /* InsideCellClickTableViewCell.swift in Sources */ = {isa = PBXBuildFile; fileRef = 3110675D1FF105EE00E42E7B /* InsideCellClickTableViewCell.swift */; };
		311067601FF10A5400E42E7B /* UIImage+Extension.swift in Sources */ = {isa = PBXBuildFile; fileRef = 3110675F1FF10A5400E42E7B /* UIImage+Extension.swift */; };
		3156E6E71FECF98A004C7708 /* AppDelegate.swift in Sources */ = {isa = PBXBuildFile; fileRef = 3156E6E61FECF98A004C7708 /* AppDelegate.swift */; };
		3156E6EC1FECF98B004C7708 /* Main.storyboard in Resources */ = {isa = PBXBuildFile; fileRef = 3156E6EA1FECF98B004C7708 /* Main.storyboard */; };
		3156E6EE1FECF98B004C7708 /* Assets.xcassets in Resources */ = {isa = PBXBuildFile; fileRef = 3156E6ED1FECF98B004C7708 /* Assets.xcassets */; };
		3156E6F11FECF98B004C7708 /* LaunchScreen.storyboard in Resources */ = {isa = PBXBuildFile; fileRef = 3156E6EF1FECF98B004C7708 /* LaunchScreen.storyboard */; };
		31628FB21FD8E6B1001E1F63 /* DetailViewController.swift in Sources */ = {isa = PBXBuildFile; fileRef = 31628FB11FD8E6B1001E1F63 /* DetailViewController.swift */; };
		31628FB41FD8E749001E1F63 /* HomeItemModel.swift in Sources */ = {isa = PBXBuildFile; fileRef = 31628FB31FD8E749001E1F63 /* HomeItemModel.swift */; };
		31628FB61FD8E815001E1F63 /* DSTool.swift in Sources */ = {isa = PBXBuildFile; fileRef = 31628FB51FD8E815001E1F63 /* DSTool.swift */; };
		31628FB81FD8EE58001E1F63 /* BasicViewModel.swift in Sources */ = {isa = PBXBuildFile; fileRef = 31628FB71FD8EE58001E1F63 /* BasicViewModel.swift */; };
		31628FBA1FD8EE6F001E1F63 /* TimingViewModel.swift in Sources */ = {isa = PBXBuildFile; fileRef = 31628FB91FD8EE6F001E1F63 /* TimingViewModel.swift */; };
		31628FBC1FD8EE78001E1F63 /* FinalViewModel.swift in Sources */ = {isa = PBXBuildFile; fileRef = 31628FBB1FD8EE78001E1F63 /* FinalViewModel.swift */; };
		31628FC61FD9270B001E1F63 /* Operators+Rx.swift in Sources */ = {isa = PBXBuildFile; fileRef = 31628FC01FD9270B001E1F63 /* Operators+Rx.swift */; };
		31628FC71FD9270B001E1F63 /* UIColor+DS.swift in Sources */ = {isa = PBXBuildFile; fileRef = 31628FC11FD9270B001E1F63 /* UIColor+DS.swift */; };
		31628FC81FD9270B001E1F63 /* UIView+Rx.swift in Sources */ = {isa = PBXBuildFile; fileRef = 31628FC21FD9270B001E1F63 /* UIView+Rx.swift */; };
		31628FC91FD9270B001E1F63 /* UIButton+Rx.swift in Sources */ = {isa = PBXBuildFile; fileRef = 31628FC31FD9270B001E1F63 /* UIButton+Rx.swift */; };
		31628FCA1FD9270B001E1F63 /* AutoDeselect+Rx.swift in Sources */ = {isa = PBXBuildFile; fileRef = 31628FC41FD9270B001E1F63 /* AutoDeselect+Rx.swift */; };
		31628FCB1FD9270B001E1F63 /* UIControl+Rx.swift in Sources */ = {isa = PBXBuildFile; fileRef = 31628FC51FD9270B001E1F63 /* UIControl+Rx.swift */; };
		318B3C6F1FD7824900428ADF /* PushSettingViewController.swift in Sources */ = {isa = PBXBuildFile; fileRef = 318B3C6E1FD7824900428ADF /* PushSettingViewController.swift */; };
		318B3C711FD7828F00428ADF /* SelectTableViewCell.swift in Sources */ = {isa = PBXBuildFile; fileRef = 318B3C701FD7828F00428ADF /* SelectTableViewCell.swift */; };
		318B3C731FD7843D00428ADF /* SelectTableViewHeaderFooterView.swift in Sources */ = {isa = PBXBuildFile; fileRef = 318B3C721FD7843D00428ADF /* SelectTableViewHeaderFooterView.swift */; };
		318B3C751FD7858C00428ADF /* PushSettingModel.swift in Sources */ = {isa = PBXBuildFile; fileRef = 318B3C741FD7858C00428ADF /* PushSettingModel.swift */; };
		318B3C771FD7863F00428ADF /* PushSettingViewModel.swift in Sources */ = {isa = PBXBuildFile; fileRef = 318B3C761FD7863F00428ADF /* PushSettingViewModel.swift */; };
		318C393C1FD7FBB0004736A1 /* AppDelegate.swift in Sources */ = {isa = PBXBuildFile; fileRef = 318C393B1FD7FBB0004736A1 /* AppDelegate.swift */; };
		318C39411FD7FBB0004736A1 /* Main.storyboard in Resources */ = {isa = PBXBuildFile; fileRef = 318C393F1FD7FBB0004736A1 /* Main.storyboard */; };
		318C39431FD7FBB0004736A1 /* Assets.xcassets in Resources */ = {isa = PBXBuildFile; fileRef = 318C39421FD7FBB0004736A1 /* Assets.xcassets */; };
		318C39461FD7FBB0004736A1 /* LaunchScreen.storyboard in Resources */ = {isa = PBXBuildFile; fileRef = 318C39441FD7FBB0004736A1 /* LaunchScreen.storyboard */; };
		318C394C1FD7FDB5004736A1 /* HomeViewController.swift in Sources */ = {isa = PBXBuildFile; fileRef = 318C394B1FD7FDB5004736A1 /* HomeViewController.swift */; };
		319B56AD1FDADD6200C7FD0F /* UILabel+Rx.swift in Sources */ = {isa = PBXBuildFile; fileRef = 319B56AC1FDADD6200C7FD0F /* UILabel+Rx.swift */; };
		31B00A901FF0D0E000B2FFEB /* CustomSectionHeaderFooterView.swift in Sources */ = {isa = PBXBuildFile; fileRef = 31B00A8F1FF0D0E000B2FFEB /* CustomSectionHeaderFooterView.swift */; };
		31B8761C1FD639FD0062C39A /* AppDelegate.swift in Sources */ = {isa = PBXBuildFile; fileRef = 31B8761B1FD639FD0062C39A /* AppDelegate.swift */; };
		31B8761E1FD639FD0062C39A /* ViewController.swift in Sources */ = {isa = PBXBuildFile; fileRef = 31B8761D1FD639FD0062C39A /* ViewController.swift */; };
		31B876211FD639FD0062C39A /* Main.storyboard in Resources */ = {isa = PBXBuildFile; fileRef = 31B8761F1FD639FD0062C39A /* Main.storyboard */; };
		31B876231FD639FD0062C39A /* Assets.xcassets in Resources */ = {isa = PBXBuildFile; fileRef = 31B876221FD639FD0062C39A /* Assets.xcassets */; };
		31B876261FD639FD0062C39A /* LaunchScreen.storyboard in Resources */ = {isa = PBXBuildFile; fileRef = 31B876241FD639FD0062C39A /* LaunchScreen.storyboard */; };
		31B876341FD63A480062C39A /* AppDelegate.swift in Sources */ = {isa = PBXBuildFile; fileRef = 31B876331FD63A480062C39A /* AppDelegate.swift */; };
		31B876391FD63A480062C39A /* Main.storyboard in Resources */ = {isa = PBXBuildFile; fileRef = 31B876371FD63A480062C39A /* Main.storyboard */; };
		31B8763B1FD63A480062C39A /* Assets.xcassets in Resources */ = {isa = PBXBuildFile; fileRef = 31B8763A1FD63A480062C39A /* Assets.xcassets */; };
		31B8763E1FD63A480062C39A /* LaunchScreen.storyboard in Resources */ = {isa = PBXBuildFile; fileRef = 31B8763C1FD63A480062C39A /* LaunchScreen.storyboard */; };
		31B876B81FD642D20062C39A /* ShipmentDealViewController.swift in Sources */ = {isa = PBXBuildFile; fileRef = 31B876B71FD642D20062C39A /* ShipmentDealViewController.swift */; };
		31B876BA1FD642F90062C39A /* ProductInfoModel.swift in Sources */ = {isa = PBXBuildFile; fileRef = 31B876B91FD642F90062C39A /* ProductInfoModel.swift */; };
		31B876BC1FD6430F0062C39A /* ProductTableViewCell.swift in Sources */ = {isa = PBXBuildFile; fileRef = 31B876BB1FD6430F0062C39A /* ProductTableViewCell.swift */; };
		31C6DA5D1FE108A600E560A5 /* RxSwift+Pipe.swift in Sources */ = {isa = PBXBuildFile; fileRef = 31C6DA551FE108A600E560A5 /* RxSwift+Pipe.swift */; };
		31C6DA5E1FE108A600E560A5 /* Automaton.swift in Sources */ = {isa = PBXBuildFile; fileRef = 31C6DA561FE108A600E560A5 /* Automaton.swift */; };
		31C6DA5F1FE108A600E560A5 /* Reply.swift in Sources */ = {isa = PBXBuildFile; fileRef = 31C6DA571FE108A600E560A5 /* Reply.swift */; };
		31C6DA601FE108A600E560A5 /* Mapping+Helper.swift in Sources */ = {isa = PBXBuildFile; fileRef = 31C6DA581FE108A600E560A5 /* Mapping+Helper.swift */; };
		31C6DA611FE108A600E560A5 /* RxSwift+Then.swift in Sources */ = {isa = PBXBuildFile; fileRef = 31C6DA5A1FE108A600E560A5 /* RxSwift+Then.swift */; };
		31C6DA621FE108A600E560A5 /* FlattenStrategy.swift in Sources */ = {isa = PBXBuildFile; fileRef = 31C6DA5B1FE108A600E560A5 /* FlattenStrategy.swift */; };
		31C6DA631FE108A600E560A5 /* Info.plist in Resources */ = {isa = PBXBuildFile; fileRef = 31C6DA5C1FE108A600E560A5 /* Info.plist */; };
		31CE13FF1FF0CD2B0065AF28 /* CustomSectionTableViewController.swift in Sources */ = {isa = PBXBuildFile; fileRef = 31CE13FE1FF0CD2B0065AF28 /* CustomSectionTableViewController.swift */; };
		31CE14011FF0CD370065AF28 /* CustomSectionTableViewCell.swift in Sources */ = {isa = PBXBuildFile; fileRef = 31CE14001FF0CD370065AF28 /* CustomSectionTableViewCell.swift */; };
		31CEA1D81FF0B49500CBC549 /* BasicSectionTableViewController.swift in Sources */ = {isa = PBXBuildFile; fileRef = 31CEA1D71FF0B49500CBC549 /* BasicSectionTableViewController.swift */; };
		31DB959E1FF0AE65008D3A54 /* CustomCellTableViewController.swift in Sources */ = {isa = PBXBuildFile; fileRef = 31DB959D1FF0AE65008D3A54 /* CustomCellTableViewController.swift */; };
		31DB95A01FF0AEA9008D3A54 /* CustomCellTableViewCell.swift in Sources */ = {isa = PBXBuildFile; fileRef = 31DB959F1FF0AEA9008D3A54 /* CustomCellTableViewCell.swift */; };
		31DB95A21FF0AF64008D3A54 /* CustomCellModel.swift in Sources */ = {isa = PBXBuildFile; fileRef = 31DB95A11FF0AF64008D3A54 /* CustomCellModel.swift */; };
		31E3F6381FED016A00CE0E9D /* Operators+Rx.swift in Sources */ = {isa = PBXBuildFile; fileRef = 31E3F6301FED016A00CE0E9D /* Operators+Rx.swift */; };
		31E3F6391FED016A00CE0E9D /* MBProgressHUD+DS.swift in Sources */ = {isa = PBXBuildFile; fileRef = 31E3F6311FED016A00CE0E9D /* MBProgressHUD+DS.swift */; };
		31E3F63A1FED016A00CE0E9D /* UILabel+Rx.swift in Sources */ = {isa = PBXBuildFile; fileRef = 31E3F6321FED016A00CE0E9D /* UILabel+Rx.swift */; };
		31E3F63B1FED016A00CE0E9D /* UIColor+DS.swift in Sources */ = {isa = PBXBuildFile; fileRef = 31E3F6331FED016A00CE0E9D /* UIColor+DS.swift */; };
		31E3F63C1FED016A00CE0E9D /* UIView+Rx.swift in Sources */ = {isa = PBXBuildFile; fileRef = 31E3F6341FED016A00CE0E9D /* UIView+Rx.swift */; };
		31E3F63D1FED016A00CE0E9D /* UIButton+Rx.swift in Sources */ = {isa = PBXBuildFile; fileRef = 31E3F6351FED016A00CE0E9D /* UIButton+Rx.swift */; };
		31E3F63E1FED016A00CE0E9D /* AutoDeselect+Rx.swift in Sources */ = {isa = PBXBuildFile; fileRef = 31E3F6361FED016A00CE0E9D /* AutoDeselect+Rx.swift */; };
		31E3F63F1FED016A00CE0E9D /* UIControl+Rx.swift in Sources */ = {isa = PBXBuildFile; fileRef = 31E3F6371FED016A00CE0E9D /* UIControl+Rx.swift */; };
		31E3F6441FED03D200CE0E9D /* IconCollectionViewCell.swift in Sources */ = {isa = PBXBuildFile; fileRef = 31E3F6431FED03D200CE0E9D /* IconCollectionViewCell.swift */; };
		31E3F6461FED03FD00CE0E9D /* DetailViewController.swift in Sources */ = {isa = PBXBuildFile; fileRef = 31E3F6451FED03FD00CE0E9D /* DetailViewController.swift */; };
		31E3F6481FED042200CE0E9D /* HomeTableViewController.swift in Sources */ = {isa = PBXBuildFile; fileRef = 31E3F6471FED042200CE0E9D /* HomeTableViewController.swift */; };
		31E3F64A1FED04E300CE0E9D /* CollectionModel.swift in Sources */ = {isa = PBXBuildFile; fileRef = 31E3F6491FED04E300CE0E9D /* CollectionModel.swift */; };
		31E3F6541FED0C1E00CE0E9D /* Operators+Rx.swift in Sources */ = {isa = PBXBuildFile; fileRef = 31E3F64C1FED0C1E00CE0E9D /* Operators+Rx.swift */; };
		31E3F6551FED0C1E00CE0E9D /* MBProgressHUD+DS.swift in Sources */ = {isa = PBXBuildFile; fileRef = 31E3F64D1FED0C1E00CE0E9D /* MBProgressHUD+DS.swift */; };
		31E3F6561FED0C1E00CE0E9D /* UILabel+Rx.swift in Sources */ = {isa = PBXBuildFile; fileRef = 31E3F64E1FED0C1E00CE0E9D /* UILabel+Rx.swift */; };
		31E3F6571FED0C1E00CE0E9D /* UIColor+DS.swift in Sources */ = {isa = PBXBuildFile; fileRef = 31E3F64F1FED0C1E00CE0E9D /* UIColor+DS.swift */; };
		31E3F6581FED0C1E00CE0E9D /* UIView+Rx.swift in Sources */ = {isa = PBXBuildFile; fileRef = 31E3F6501FED0C1E00CE0E9D /* UIView+Rx.swift */; };
		31E3F6591FED0C1E00CE0E9D /* UIButton+Rx.swift in Sources */ = {isa = PBXBuildFile; fileRef = 31E3F6511FED0C1E00CE0E9D /* UIButton+Rx.swift */; };
		31E3F65A1FED0C1E00CE0E9D /* AutoDeselect+Rx.swift in Sources */ = {isa = PBXBuildFile; fileRef = 31E3F6521FED0C1E00CE0E9D /* AutoDeselect+Rx.swift */; };
		31E3F65B1FED0C1E00CE0E9D /* UIControl+Rx.swift in Sources */ = {isa = PBXBuildFile; fileRef = 31E3F6531FED0C1E00CE0E9D /* UIControl+Rx.swift */; };
		A4AC61A6FBE30F3CEDBAB6AB /* Pods_Stopwatch.framework in Frameworks */ = {isa = PBXBuildFile; fileRef = 291E2D5EFD851A09CEFA4101 /* Pods_Stopwatch.framework */; };
		B593309E2AA7435C83FEC0E8 /* Pods_DataSourceTest.framework in Frameworks */ = {isa = PBXBuildFile; fileRef = A583FAE114742D7B335B08DD /* Pods_DataSourceTest.framework */; };
		B7391568F7C97C6E2AA1EA85 /* Pods_TwoWayBind.framework in Frameworks */ = {isa = PBXBuildFile; fileRef = 888E6928FE1B9A653F08C14C /* Pods_TwoWayBind.framework */; };
/* End PBXBuildFile section */

/* Begin PBXFileReference section */
		07ABEC58CF8BAA7708ED8FE9 /* Pods-DataSourceTest.debug.xcconfig */ = {isa = PBXFileReference; includeInIndex = 1; lastKnownFileType = text.xcconfig; name = "Pods-DataSourceTest.debug.xcconfig"; path = "Pods/Target Support Files/Pods-DataSourceTest/Pods-DataSourceTest.debug.xcconfig"; sourceTree = "<group>"; };
		0EE5B8E3149C67B5FF5BD01C /* Pods-TwoWayBind.debug.xcconfig */ = {isa = PBXFileReference; includeInIndex = 1; lastKnownFileType = text.xcconfig; name = "Pods-TwoWayBind.debug.xcconfig"; path = "Pods/Target Support Files/Pods-TwoWayBind/Pods-TwoWayBind.debug.xcconfig"; sourceTree = "<group>"; };
		291E2D5EFD851A09CEFA4101 /* Pods_Stopwatch.framework */ = {isa = PBXFileReference; explicitFileType = wrapper.framework; includeInIndex = 0; path = Pods_Stopwatch.framework; sourceTree = BUILT_PRODUCTS_DIR; };
		310288A71FD68EA800FACDAF /* SelectPaymentViewController.swift */ = {isa = PBXFileReference; lastKnownFileType = sourcecode.swift; path = SelectPaymentViewController.swift; sourceTree = "<group>"; };
		310288A91FD68F2A00FACDAF /* PaymentTableViewCell.swift */ = {isa = PBXFileReference; lastKnownFileType = sourcecode.swift; path = PaymentTableViewCell.swift; sourceTree = "<group>"; };
		310288AB1FD6908400FACDAF /* PaymentModel.swift */ = {isa = PBXFileReference; lastKnownFileType = sourcecode.swift; path = PaymentModel.swift; sourceTree = "<group>"; };
		311067501FF0EFC900E42E7B /* MultiplyCellTableViewController.swift */ = {isa = PBXFileReference; lastKnownFileType = sourcecode.swift; path = MultiplyCellTableViewController.swift; sourceTree = "<group>"; };
		311067521FF0F06C00E42E7B /* MultiplyCellTableViewCell.swift */ = {isa = PBXFileReference; lastKnownFileType = sourcecode.swift; path = MultiplyCellTableViewCell.swift; sourceTree = "<group>"; };
		311067541FF0F10200E42E7B /* MultiplyCellModel.swift */ = {isa = PBXFileReference; lastKnownFileType = sourcecode.swift; path = MultiplyCellModel.swift; sourceTree = "<group>"; };
		311067561FF0FDEE00E42E7B /* UIAlertView+DS.swift */ = {isa = PBXFileReference; lastKnownFileType = sourcecode.swift; path = "UIAlertView+DS.swift"; sourceTree = "<group>"; };
		311067591FF1040D00E42E7B /* InsideCellClickTableViewController.swift */ = {isa = PBXFileReference; lastKnownFileType = sourcecode.swift; path = InsideCellClickTableViewController.swift; sourceTree = "<group>"; };
		3110675B1FF1051500E42E7B /* InsideCellClickModel.swift */ = {isa = PBXFileReference; lastKnownFileType = sourcecode.swift; path = InsideCellClickModel.swift; sourceTree = "<group>"; };
		3110675D1FF105EE00E42E7B /* InsideCellClickTableViewCell.swift */ = {isa = PBXFileReference; lastKnownFileType = sourcecode.swift; path = InsideCellClickTableViewCell.swift; sourceTree = "<group>"; };
		3110675F1FF10A5400E42E7B /* UIImage+Extension.swift */ = {isa = PBXFileReference; fileEncoding = 4; lastKnownFileType = sourcecode.swift; path = "UIImage+Extension.swift"; sourceTree = "<group>"; };
		3156E6E41FECF98A004C7708 /* DataSourceTest.app */ = {isa = PBXFileReference; explicitFileType = wrapper.application; includeInIndex = 0; path = DataSourceTest.app; sourceTree = BUILT_PRODUCTS_DIR; };
		3156E6E61FECF98A004C7708 /* AppDelegate.swift */ = {isa = PBXFileReference; lastKnownFileType = sourcecode.swift; path = AppDelegate.swift; sourceTree = "<group>"; };
		3156E6EB1FECF98B004C7708 /* Base */ = {isa = PBXFileReference; lastKnownFileType = file.storyboard; name = Base; path = Base.lproj/Main.storyboard; sourceTree = "<group>"; };
		3156E6ED1FECF98B004C7708 /* Assets.xcassets */ = {isa = PBXFileReference; lastKnownFileType = folder.assetcatalog; path = Assets.xcassets; sourceTree = "<group>"; };
		3156E6F01FECF98B004C7708 /* Base */ = {isa = PBXFileReference; lastKnownFileType = file.storyboard; name = Base; path = Base.lproj/LaunchScreen.storyboard; sourceTree = "<group>"; };
		3156E6F21FECF98B004C7708 /* Info.plist */ = {isa = PBXFileReference; lastKnownFileType = text.plist.xml; path = Info.plist; sourceTree = "<group>"; };
		31628FB11FD8E6B1001E1F63 /* DetailViewController.swift */ = {isa = PBXFileReference; lastKnownFileType = sourcecode.swift; path = DetailViewController.swift; sourceTree = "<group>"; };
		31628FB31FD8E749001E1F63 /* HomeItemModel.swift */ = {isa = PBXFileReference; lastKnownFileType = sourcecode.swift; path = HomeItemModel.swift; sourceTree = "<group>"; };
		31628FB51FD8E815001E1F63 /* DSTool.swift */ = {isa = PBXFileReference; lastKnownFileType = sourcecode.swift; path = DSTool.swift; sourceTree = "<group>"; };
		31628FB71FD8EE58001E1F63 /* BasicViewModel.swift */ = {isa = PBXFileReference; lastKnownFileType = sourcecode.swift; path = BasicViewModel.swift; sourceTree = "<group>"; };
		31628FB91FD8EE6F001E1F63 /* TimingViewModel.swift */ = {isa = PBXFileReference; lastKnownFileType = sourcecode.swift; path = TimingViewModel.swift; sourceTree = "<group>"; };
		31628FBB1FD8EE78001E1F63 /* FinalViewModel.swift */ = {isa = PBXFileReference; lastKnownFileType = sourcecode.swift; path = FinalViewModel.swift; sourceTree = "<group>"; };
		31628FC01FD9270B001E1F63 /* Operators+Rx.swift */ = {isa = PBXFileReference; fileEncoding = 4; lastKnownFileType = sourcecode.swift; path = "Operators+Rx.swift"; sourceTree = "<group>"; };
		31628FC11FD9270B001E1F63 /* UIColor+DS.swift */ = {isa = PBXFileReference; fileEncoding = 4; lastKnownFileType = sourcecode.swift; path = "UIColor+DS.swift"; sourceTree = "<group>"; };
		31628FC21FD9270B001E1F63 /* UIView+Rx.swift */ = {isa = PBXFileReference; fileEncoding = 4; lastKnownFileType = sourcecode.swift; path = "UIView+Rx.swift"; sourceTree = "<group>"; };
		31628FC31FD9270B001E1F63 /* UIButton+Rx.swift */ = {isa = PBXFileReference; fileEncoding = 4; lastKnownFileType = sourcecode.swift; path = "UIButton+Rx.swift"; sourceTree = "<group>"; };
		31628FC41FD9270B001E1F63 /* AutoDeselect+Rx.swift */ = {isa = PBXFileReference; fileEncoding = 4; lastKnownFileType = sourcecode.swift; path = "AutoDeselect+Rx.swift"; sourceTree = "<group>"; };
		31628FC51FD9270B001E1F63 /* UIControl+Rx.swift */ = {isa = PBXFileReference; fileEncoding = 4; lastKnownFileType = sourcecode.swift; path = "UIControl+Rx.swift"; sourceTree = "<group>"; };
		318B3C6E1FD7824900428ADF /* PushSettingViewController.swift */ = {isa = PBXFileReference; lastKnownFileType = sourcecode.swift; path = PushSettingViewController.swift; sourceTree = "<group>"; };
		318B3C701FD7828F00428ADF /* SelectTableViewCell.swift */ = {isa = PBXFileReference; lastKnownFileType = sourcecode.swift; path = SelectTableViewCell.swift; sourceTree = "<group>"; };
		318B3C721FD7843D00428ADF /* SelectTableViewHeaderFooterView.swift */ = {isa = PBXFileReference; lastKnownFileType = sourcecode.swift; path = SelectTableViewHeaderFooterView.swift; sourceTree = "<group>"; };
		318B3C741FD7858C00428ADF /* PushSettingModel.swift */ = {isa = PBXFileReference; lastKnownFileType = sourcecode.swift; path = PushSettingModel.swift; sourceTree = "<group>"; };
		318B3C761FD7863F00428ADF /* PushSettingViewModel.swift */ = {isa = PBXFileReference; lastKnownFileType = sourcecode.swift; path = PushSettingViewModel.swift; sourceTree = "<group>"; };
		318C39391FD7FBAF004736A1 /* Stopwatch.app */ = {isa = PBXFileReference; explicitFileType = wrapper.application; includeInIndex = 0; path = Stopwatch.app; sourceTree = BUILT_PRODUCTS_DIR; };
		318C393B1FD7FBB0004736A1 /* AppDelegate.swift */ = {isa = PBXFileReference; lastKnownFileType = sourcecode.swift; path = AppDelegate.swift; sourceTree = "<group>"; };
		318C39401FD7FBB0004736A1 /* Base */ = {isa = PBXFileReference; lastKnownFileType = file.storyboard; name = Base; path = Base.lproj/Main.storyboard; sourceTree = "<group>"; };
		318C39421FD7FBB0004736A1 /* Assets.xcassets */ = {isa = PBXFileReference; lastKnownFileType = folder.assetcatalog; path = Assets.xcassets; sourceTree = "<group>"; };
		318C39451FD7FBB0004736A1 /* Base */ = {isa = PBXFileReference; lastKnownFileType = file.storyboard; name = Base; path = Base.lproj/LaunchScreen.storyboard; sourceTree = "<group>"; };
		318C39471FD7FBB0004736A1 /* Info.plist */ = {isa = PBXFileReference; lastKnownFileType = text.plist.xml; path = Info.plist; sourceTree = "<group>"; };
		318C394B1FD7FDB5004736A1 /* HomeViewController.swift */ = {isa = PBXFileReference; lastKnownFileType = sourcecode.swift; path = HomeViewController.swift; sourceTree = "<group>"; };
		319B56AC1FDADD6200C7FD0F /* UILabel+Rx.swift */ = {isa = PBXFileReference; fileEncoding = 4; lastKnownFileType = sourcecode.swift; path = "UILabel+Rx.swift"; sourceTree = "<group>"; };
		31B00A8F1FF0D0E000B2FFEB /* CustomSectionHeaderFooterView.swift */ = {isa = PBXFileReference; lastKnownFileType = sourcecode.swift; path = CustomSectionHeaderFooterView.swift; sourceTree = "<group>"; };
		31B876181FD639FD0062C39A /* RxSamples_CocoaPods.app */ = {isa = PBXFileReference; explicitFileType = wrapper.application; includeInIndex = 0; path = RxSamples_CocoaPods.app; sourceTree = BUILT_PRODUCTS_DIR; };
		31B8761B1FD639FD0062C39A /* AppDelegate.swift */ = {isa = PBXFileReference; lastKnownFileType = sourcecode.swift; path = AppDelegate.swift; sourceTree = "<group>"; };
		31B8761D1FD639FD0062C39A /* ViewController.swift */ = {isa = PBXFileReference; lastKnownFileType = sourcecode.swift; path = ViewController.swift; sourceTree = "<group>"; };
		31B876201FD639FD0062C39A /* Base */ = {isa = PBXFileReference; lastKnownFileType = file.storyboard; name = Base; path = Base.lproj/Main.storyboard; sourceTree = "<group>"; };
		31B876221FD639FD0062C39A /* Assets.xcassets */ = {isa = PBXFileReference; lastKnownFileType = folder.assetcatalog; path = Assets.xcassets; sourceTree = "<group>"; };
		31B876251FD639FD0062C39A /* Base */ = {isa = PBXFileReference; lastKnownFileType = file.storyboard; name = Base; path = Base.lproj/LaunchScreen.storyboard; sourceTree = "<group>"; };
		31B876271FD639FD0062C39A /* Info.plist */ = {isa = PBXFileReference; lastKnownFileType = text.plist.xml; path = Info.plist; sourceTree = "<group>"; };
		31B876311FD63A470062C39A /* TwoWayBind.app */ = {isa = PBXFileReference; explicitFileType = wrapper.application; includeInIndex = 0; path = TwoWayBind.app; sourceTree = BUILT_PRODUCTS_DIR; };
		31B876331FD63A480062C39A /* AppDelegate.swift */ = {isa = PBXFileReference; lastKnownFileType = sourcecode.swift; path = AppDelegate.swift; sourceTree = "<group>"; };
		31B876381FD63A480062C39A /* Base */ = {isa = PBXFileReference; lastKnownFileType = file.storyboard; name = Base; path = Base.lproj/Main.storyboard; sourceTree = "<group>"; };
		31B8763A1FD63A480062C39A /* Assets.xcassets */ = {isa = PBXFileReference; lastKnownFileType = folder.assetcatalog; path = Assets.xcassets; sourceTree = "<group>"; };
		31B8763D1FD63A480062C39A /* Base */ = {isa = PBXFileReference; lastKnownFileType = file.storyboard; name = Base; path = Base.lproj/LaunchScreen.storyboard; sourceTree = "<group>"; };
		31B8763F1FD63A480062C39A /* Info.plist */ = {isa = PBXFileReference; lastKnownFileType = text.plist.xml; path = Info.plist; sourceTree = "<group>"; };
		31B876AF1FD6423C0062C39A /* TwoWayBind-Bridging-Header.h */ = {isa = PBXFileReference; lastKnownFileType = sourcecode.c.h; path = "TwoWayBind-Bridging-Header.h"; sourceTree = "<group>"; };
		31B876B71FD642D20062C39A /* ShipmentDealViewController.swift */ = {isa = PBXFileReference; lastKnownFileType = sourcecode.swift; path = ShipmentDealViewController.swift; sourceTree = "<group>"; };
		31B876B91FD642F90062C39A /* ProductInfoModel.swift */ = {isa = PBXFileReference; lastKnownFileType = sourcecode.swift; path = ProductInfoModel.swift; sourceTree = "<group>"; };
		31B876BB1FD6430F0062C39A /* ProductTableViewCell.swift */ = {isa = PBXFileReference; lastKnownFileType = sourcecode.swift; path = ProductTableViewCell.swift; sourceTree = "<group>"; };
		31C6DA551FE108A600E560A5 /* RxSwift+Pipe.swift */ = {isa = PBXFileReference; fileEncoding = 4; lastKnownFileType = sourcecode.swift; path = "RxSwift+Pipe.swift"; sourceTree = "<group>"; };
		31C6DA561FE108A600E560A5 /* Automaton.swift */ = {isa = PBXFileReference; fileEncoding = 4; lastKnownFileType = sourcecode.swift; path = Automaton.swift; sourceTree = "<group>"; };
		31C6DA571FE108A600E560A5 /* Reply.swift */ = {isa = PBXFileReference; fileEncoding = 4; lastKnownFileType = sourcecode.swift; path = Reply.swift; sourceTree = "<group>"; };
		31C6DA581FE108A600E560A5 /* Mapping+Helper.swift */ = {isa = PBXFileReference; fileEncoding = 4; lastKnownFileType = sourcecode.swift; path = "Mapping+Helper.swift"; sourceTree = "<group>"; };
		31C6DA591FE108A600E560A5 /* RxAutomaton.h */ = {isa = PBXFileReference; fileEncoding = 4; lastKnownFileType = sourcecode.c.h; path = RxAutomaton.h; sourceTree = "<group>"; };
		31C6DA5A1FE108A600E560A5 /* RxSwift+Then.swift */ = {isa = PBXFileReference; fileEncoding = 4; lastKnownFileType = sourcecode.swift; path = "RxSwift+Then.swift"; sourceTree = "<group>"; };
		31C6DA5B1FE108A600E560A5 /* FlattenStrategy.swift */ = {isa = PBXFileReference; fileEncoding = 4; lastKnownFileType = sourcecode.swift; path = FlattenStrategy.swift; sourceTree = "<group>"; };
		31C6DA5C1FE108A600E560A5 /* Info.plist */ = {isa = PBXFileReference; fileEncoding = 4; lastKnownFileType = text.plist.xml; path = Info.plist; sourceTree = "<group>"; };
		31CE13FE1FF0CD2B0065AF28 /* CustomSectionTableViewController.swift */ = {isa = PBXFileReference; lastKnownFileType = sourcecode.swift; path = CustomSectionTableViewController.swift; sourceTree = "<group>"; };
		31CE14001FF0CD370065AF28 /* CustomSectionTableViewCell.swift */ = {isa = PBXFileReference; lastKnownFileType = sourcecode.swift; path = CustomSectionTableViewCell.swift; sourceTree = "<group>"; };
		31CEA1D71FF0B49500CBC549 /* BasicSectionTableViewController.swift */ = {isa = PBXFileReference; lastKnownFileType = sourcecode.swift; path = BasicSectionTableViewController.swift; sourceTree = "<group>"; };
		31DB959D1FF0AE65008D3A54 /* CustomCellTableViewController.swift */ = {isa = PBXFileReference; lastKnownFileType = sourcecode.swift; path = CustomCellTableViewController.swift; sourceTree = "<group>"; };
		31DB959F1FF0AEA9008D3A54 /* CustomCellTableViewCell.swift */ = {isa = PBXFileReference; lastKnownFileType = sourcecode.swift; path = CustomCellTableViewCell.swift; sourceTree = "<group>"; };
		31DB95A11FF0AF64008D3A54 /* CustomCellModel.swift */ = {isa = PBXFileReference; lastKnownFileType = sourcecode.swift; path = CustomCellModel.swift; sourceTree = "<group>"; };
		31E3F6301FED016A00CE0E9D /* Operators+Rx.swift */ = {isa = PBXFileReference; fileEncoding = 4; lastKnownFileType = sourcecode.swift; path = "Operators+Rx.swift"; sourceTree = "<group>"; };
		31E3F6311FED016A00CE0E9D /* MBProgressHUD+DS.swift */ = {isa = PBXFileReference; fileEncoding = 4; lastKnownFileType = sourcecode.swift; path = "MBProgressHUD+DS.swift"; sourceTree = "<group>"; };
		31E3F6321FED016A00CE0E9D /* UILabel+Rx.swift */ = {isa = PBXFileReference; fileEncoding = 4; lastKnownFileType = sourcecode.swift; path = "UILabel+Rx.swift"; sourceTree = "<group>"; };
		31E3F6331FED016A00CE0E9D /* UIColor+DS.swift */ = {isa = PBXFileReference; fileEncoding = 4; lastKnownFileType = sourcecode.swift; path = "UIColor+DS.swift"; sourceTree = "<group>"; };
		31E3F6341FED016A00CE0E9D /* UIView+Rx.swift */ = {isa = PBXFileReference; fileEncoding = 4; lastKnownFileType = sourcecode.swift; path = "UIView+Rx.swift"; sourceTree = "<group>"; };
		31E3F6351FED016A00CE0E9D /* UIButton+Rx.swift */ = {isa = PBXFileReference; fileEncoding = 4; lastKnownFileType = sourcecode.swift; path = "UIButton+Rx.swift"; sourceTree = "<group>"; };
		31E3F6361FED016A00CE0E9D /* AutoDeselect+Rx.swift */ = {isa = PBXFileReference; fileEncoding = 4; lastKnownFileType = sourcecode.swift; path = "AutoDeselect+Rx.swift"; sourceTree = "<group>"; };
		31E3F6371FED016A00CE0E9D /* UIControl+Rx.swift */ = {isa = PBXFileReference; fileEncoding = 4; lastKnownFileType = sourcecode.swift; path = "UIControl+Rx.swift"; sourceTree = "<group>"; };
		31E3F6431FED03D200CE0E9D /* IconCollectionViewCell.swift */ = {isa = PBXFileReference; lastKnownFileType = sourcecode.swift; path = IconCollectionViewCell.swift; sourceTree = "<group>"; };
		31E3F6451FED03FD00CE0E9D /* DetailViewController.swift */ = {isa = PBXFileReference; lastKnownFileType = sourcecode.swift; path = DetailViewController.swift; sourceTree = "<group>"; };
		31E3F6471FED042200CE0E9D /* HomeTableViewController.swift */ = {isa = PBXFileReference; lastKnownFileType = sourcecode.swift; path = HomeTableViewController.swift; sourceTree = "<group>"; };
		31E3F6491FED04E300CE0E9D /* CollectionModel.swift */ = {isa = PBXFileReference; lastKnownFileType = sourcecode.swift; path = CollectionModel.swift; sourceTree = "<group>"; };
		31E3F64C1FED0C1E00CE0E9D /* Operators+Rx.swift */ = {isa = PBXFileReference; fileEncoding = 4; lastKnownFileType = sourcecode.swift; path = "Operators+Rx.swift"; sourceTree = "<group>"; };
		31E3F64D1FED0C1E00CE0E9D /* MBProgressHUD+DS.swift */ = {isa = PBXFileReference; fileEncoding = 4; lastKnownFileType = sourcecode.swift; path = "MBProgressHUD+DS.swift"; sourceTree = "<group>"; };
		31E3F64E1FED0C1E00CE0E9D /* UILabel+Rx.swift */ = {isa = PBXFileReference; fileEncoding = 4; lastKnownFileType = sourcecode.swift; path = "UILabel+Rx.swift"; sourceTree = "<group>"; };
		31E3F64F1FED0C1E00CE0E9D /* UIColor+DS.swift */ = {isa = PBXFileReference; fileEncoding = 4; lastKnownFileType = sourcecode.swift; path = "UIColor+DS.swift"; sourceTree = "<group>"; };
		31E3F6501FED0C1E00CE0E9D /* UIView+Rx.swift */ = {isa = PBXFileReference; fileEncoding = 4; lastKnownFileType = sourcecode.swift; path = "UIView+Rx.swift"; sourceTree = "<group>"; };
		31E3F6511FED0C1E00CE0E9D /* UIButton+Rx.swift */ = {isa = PBXFileReference; fileEncoding = 4; lastKnownFileType = sourcecode.swift; path = "UIButton+Rx.swift"; sourceTree = "<group>"; };
		31E3F6521FED0C1E00CE0E9D /* AutoDeselect+Rx.swift */ = {isa = PBXFileReference; fileEncoding = 4; lastKnownFileType = sourcecode.swift; path = "AutoDeselect+Rx.swift"; sourceTree = "<group>"; };
		31E3F6531FED0C1E00CE0E9D /* UIControl+Rx.swift */ = {isa = PBXFileReference; fileEncoding = 4; lastKnownFileType = sourcecode.swift; path = "UIControl+Rx.swift"; sourceTree = "<group>"; };
		4165B77C503F6319829C7E79 /* Pods-Stopwatch.debug.xcconfig */ = {isa = PBXFileReference; includeInIndex = 1; lastKnownFileType = text.xcconfig; name = "Pods-Stopwatch.debug.xcconfig"; path = "Pods/Target Support Files/Pods-Stopwatch/Pods-Stopwatch.debug.xcconfig"; sourceTree = "<group>"; };
		4178C22069727557767FE4DA /* Pods-Stopwatch.release.xcconfig */ = {isa = PBXFileReference; includeInIndex = 1; lastKnownFileType = text.xcconfig; name = "Pods-Stopwatch.release.xcconfig"; path = "Pods/Target Support Files/Pods-Stopwatch/Pods-Stopwatch.release.xcconfig"; sourceTree = "<group>"; };
		888E6928FE1B9A653F08C14C /* Pods_TwoWayBind.framework */ = {isa = PBXFileReference; explicitFileType = wrapper.framework; includeInIndex = 0; path = Pods_TwoWayBind.framework; sourceTree = BUILT_PRODUCTS_DIR; };
		A583FAE114742D7B335B08DD /* Pods_DataSourceTest.framework */ = {isa = PBXFileReference; explicitFileType = wrapper.framework; includeInIndex = 0; path = Pods_DataSourceTest.framework; sourceTree = BUILT_PRODUCTS_DIR; };
		BF6A73676C1F68A548C2A9B5 /* Pods-DataSourceTest.release.xcconfig */ = {isa = PBXFileReference; includeInIndex = 1; lastKnownFileType = text.xcconfig; name = "Pods-DataSourceTest.release.xcconfig"; path = "Pods/Target Support Files/Pods-DataSourceTest/Pods-DataSourceTest.release.xcconfig"; sourceTree = "<group>"; };
		DBC267BF7983E94316ADD7D5 /* Pods-TwoWayBind.release.xcconfig */ = {isa = PBXFileReference; includeInIndex = 1; lastKnownFileType = text.xcconfig; name = "Pods-TwoWayBind.release.xcconfig"; path = "Pods/Target Support Files/Pods-TwoWayBind/Pods-TwoWayBind.release.xcconfig"; sourceTree = "<group>"; };
/* End PBXFileReference section */

/* Begin PBXFrameworksBuildPhase section */
		3156E6E11FECF98A004C7708 /* Frameworks */ = {
			isa = PBXFrameworksBuildPhase;
			buildActionMask = 2147483647;
			files = (
				B593309E2AA7435C83FEC0E8 /* Pods_DataSourceTest.framework in Frameworks */,
			);
			runOnlyForDeploymentPostprocessing = 0;
		};
		318C39361FD7FBAF004736A1 /* Frameworks */ = {
			isa = PBXFrameworksBuildPhase;
			buildActionMask = 2147483647;
			files = (
				A4AC61A6FBE30F3CEDBAB6AB /* Pods_Stopwatch.framework in Frameworks */,
			);
			runOnlyForDeploymentPostprocessing = 0;
		};
		31B876151FD639FD0062C39A /* Frameworks */ = {
			isa = PBXFrameworksBuildPhase;
			buildActionMask = 2147483647;
			files = (
			);
			runOnlyForDeploymentPostprocessing = 0;
		};
		31B8762E1FD63A470062C39A /* Frameworks */ = {
			isa = PBXFrameworksBuildPhase;
			buildActionMask = 2147483647;
			files = (
				B7391568F7C97C6E2AA1EA85 /* Pods_TwoWayBind.framework in Frameworks */,
			);
			runOnlyForDeploymentPostprocessing = 0;
		};
/* End PBXFrameworksBuildPhase section */

/* Begin PBXGroup section */
		310288991FD67F3C00FACDAF /* PushSetting */ = {
			isa = PBXGroup;
			children = (
				318B3C6E1FD7824900428ADF /* PushSettingViewController.swift */,
				318B3C701FD7828F00428ADF /* SelectTableViewCell.swift */,
				318B3C721FD7843D00428ADF /* SelectTableViewHeaderFooterView.swift */,
				318B3C741FD7858C00428ADF /* PushSettingModel.swift */,
				318B3C761FD7863F00428ADF /* PushSettingViewModel.swift */,
			);
			path = PushSetting;
			sourceTree = "<group>";
		};
		3102889B1FD681B800FACDAF /* Expand */ = {
			isa = PBXGroup;
			children = (
				31E3F62F1FED016A00CE0E9D /* Extensions */,
			);
			path = Expand;
			sourceTree = SOURCE_ROOT;
		};
		3110674F1FF0EF9B00E42E7B /* MultiplyCell */ = {
			isa = PBXGroup;
			children = (
				311067501FF0EFC900E42E7B /* MultiplyCellTableViewController.swift */,
				311067521FF0F06C00E42E7B /* MultiplyCellTableViewCell.swift */,
				311067541FF0F10200E42E7B /* MultiplyCellModel.swift */,
			);
			path = MultiplyCell;
			sourceTree = "<group>";
		};
		311067581FF103FB00E42E7B /* InsideCellClick */ = {
			isa = PBXGroup;
			children = (
				311067591FF1040D00E42E7B /* InsideCellClickTableViewController.swift */,
				3110675B1FF1051500E42E7B /* InsideCellClickModel.swift */,
				3110675D1FF105EE00E42E7B /* InsideCellClickTableViewCell.swift */,
			);
			path = InsideCellClick;
			sourceTree = "<group>";
		};
		3156E6E51FECF98A004C7708 /* DataSourceTest */ = {
			isa = PBXGroup;
			children = (
				3156E6E61FECF98A004C7708 /* AppDelegate.swift */,
				31E3F6471FED042200CE0E9D /* HomeTableViewController.swift */,
				3156E6EA1FECF98B004C7708 /* Main.storyboard */,
				31E3F6421FED03C700CE0E9D /* Collection */,
				31DB959C1FF0AE56008D3A54 /* CustomCell */,
				31CEA1D61FF0B48000CBC549 /* BasicSection */,
				31CE13FD1FF0CD1F0065AF28 /* CustomSection */,
				3110674F1FF0EF9B00E42E7B /* MultiplyCell */,
				311067581FF103FB00E42E7B /* InsideCellClick */,
				3156E6ED1FECF98B004C7708 /* Assets.xcassets */,
				31E3F64B1FED0C1E00CE0E9D /* Extensions */,
				3156E6EF1FECF98B004C7708 /* LaunchScreen.storyboard */,
				3156E6F21FECF98B004C7708 /* Info.plist */,
			);
			path = DataSourceTest;
			sourceTree = "<group>";
		};
		31628FBE1FD9270B001E1F63 /* Expand */ = {
			isa = PBXGroup;
			children = (
				31C6DA531FE108A600E560A5 /* Vendor */,
				31628FBF1FD9270B001E1F63 /* Extensions */,
			);
			path = Expand;
			sourceTree = SOURCE_ROOT;
		};
		31628FBF1FD9270B001E1F63 /* Extensions */ = {
			isa = PBXGroup;
			children = (
				31628FC01FD9270B001E1F63 /* Operators+Rx.swift */,
				31628FC11FD9270B001E1F63 /* UIColor+DS.swift */,
				31628FC21FD9270B001E1F63 /* UIView+Rx.swift */,
				31628FC31FD9270B001E1F63 /* UIButton+Rx.swift */,
				319B56AC1FDADD6200C7FD0F /* UILabel+Rx.swift */,
				31628FC41FD9270B001E1F63 /* AutoDeselect+Rx.swift */,
				31628FC51FD9270B001E1F63 /* UIControl+Rx.swift */,
			);
			path = Extensions;
			sourceTree = "<group>";
		};
		318C393A1FD7FBB0004736A1 /* Stopwatch */ = {
			isa = PBXGroup;
			children = (
				31628FBE1FD9270B001E1F63 /* Expand */,
				318C393B1FD7FBB0004736A1 /* AppDelegate.swift */,
				318C394B1FD7FDB5004736A1 /* HomeViewController.swift */,
				31628FB11FD8E6B1001E1F63 /* DetailViewController.swift */,
				31628FB31FD8E749001E1F63 /* HomeItemModel.swift */,
				31628FB71FD8EE58001E1F63 /* BasicViewModel.swift */,
				31628FB91FD8EE6F001E1F63 /* TimingViewModel.swift */,
				31628FBB1FD8EE78001E1F63 /* FinalViewModel.swift */,
				31628FB51FD8E815001E1F63 /* DSTool.swift */,
				318C393F1FD7FBB0004736A1 /* Main.storyboard */,
				318C39421FD7FBB0004736A1 /* Assets.xcassets */,
				318C39441FD7FBB0004736A1 /* LaunchScreen.storyboard */,
				318C39471FD7FBB0004736A1 /* Info.plist */,
			);
			path = Stopwatch;
			sourceTree = "<group>";
		};
		31B8760F1FD639FD0062C39A = {
			isa = PBXGroup;
			children = (
				31B8761A1FD639FD0062C39A /* RxSamples_CocoaPods */,
				31B876321FD63A480062C39A /* TwoWayBind */,
				318C393A1FD7FBB0004736A1 /* Stopwatch */,
				3156E6E51FECF98A004C7708 /* DataSourceTest */,
				31B876191FD639FD0062C39A /* Products */,
				9D8803E3AF58D16AEE35C26E /* Pods */,
				9BCA5BEEA5C7FA033855B7A2 /* Frameworks */,
			);
			sourceTree = "<group>";
		};
		31B876191FD639FD0062C39A /* Products */ = {
			isa = PBXGroup;
			children = (
				31B876181FD639FD0062C39A /* RxSamples_CocoaPods.app */,
				31B876311FD63A470062C39A /* TwoWayBind.app */,
				318C39391FD7FBAF004736A1 /* Stopwatch.app */,
				3156E6E41FECF98A004C7708 /* DataSourceTest.app */,
			);
			name = Products;
			sourceTree = "<group>";
		};
		31B8761A1FD639FD0062C39A /* RxSamples_CocoaPods */ = {
			isa = PBXGroup;
			children = (
				31B8761B1FD639FD0062C39A /* AppDelegate.swift */,
				31B8761D1FD639FD0062C39A /* ViewController.swift */,
				31B8761F1FD639FD0062C39A /* Main.storyboard */,
				31B876221FD639FD0062C39A /* Assets.xcassets */,
				31B876241FD639FD0062C39A /* LaunchScreen.storyboard */,
				31B876271FD639FD0062C39A /* Info.plist */,
			);
			path = RxSamples_CocoaPods;
			sourceTree = "<group>";
		};
		31B876321FD63A480062C39A /* TwoWayBind */ = {
			isa = PBXGroup;
			children = (
				31B876331FD63A480062C39A /* AppDelegate.swift */,
				3102889B1FD681B800FACDAF /* Expand */,
				31B876B31FD642AF0062C39A /* Classes */,
				31B876371FD63A480062C39A /* Main.storyboard */,
				31B8763A1FD63A480062C39A /* Assets.xcassets */,
				31B8763C1FD63A480062C39A /* LaunchScreen.storyboard */,
				31B8763F1FD63A480062C39A /* Info.plist */,
				31B876AF1FD6423C0062C39A /* TwoWayBind-Bridging-Header.h */,
			);
			path = TwoWayBind;
			sourceTree = "<group>";
		};
		31B876B31FD642AF0062C39A /* Classes */ = {
			isa = PBXGroup;
			children = (
				31B876B51FD642AF0062C39A /* ShipmentDeal */,
				31B876B41FD642AF0062C39A /* SelectPayment */,
				310288991FD67F3C00FACDAF /* PushSetting */,
			);
			path = Classes;
			sourceTree = "<group>";
		};
		31B876B41FD642AF0062C39A /* SelectPayment */ = {
			isa = PBXGroup;
			children = (
				310288A71FD68EA800FACDAF /* SelectPaymentViewController.swift */,
				310288AB1FD6908400FACDAF /* PaymentModel.swift */,
				310288A91FD68F2A00FACDAF /* PaymentTableViewCell.swift */,
			);
			path = SelectPayment;
			sourceTree = "<group>";
		};
		31B876B51FD642AF0062C39A /* ShipmentDeal */ = {
			isa = PBXGroup;
			children = (
				31B876B71FD642D20062C39A /* ShipmentDealViewController.swift */,
				31B876B91FD642F90062C39A /* ProductInfoModel.swift */,
				31B876BB1FD6430F0062C39A /* ProductTableViewCell.swift */,
			);
			path = ShipmentDeal;
			sourceTree = "<group>";
		};
		31C6DA531FE108A600E560A5 /* Vendor */ = {
			isa = PBXGroup;
			children = (
				31C6DA541FE108A600E560A5 /* RxAutomaton */,
			);
			name = Vendor;
			path = Stopwatch/Vendor;
			sourceTree = SOURCE_ROOT;
		};
		31C6DA541FE108A600E560A5 /* RxAutomaton */ = {
			isa = PBXGroup;
			children = (
				31C6DA551FE108A600E560A5 /* RxSwift+Pipe.swift */,
				31C6DA561FE108A600E560A5 /* Automaton.swift */,
				31C6DA571FE108A600E560A5 /* Reply.swift */,
				31C6DA581FE108A600E560A5 /* Mapping+Helper.swift */,
				31C6DA591FE108A600E560A5 /* RxAutomaton.h */,
				31C6DA5A1FE108A600E560A5 /* RxSwift+Then.swift */,
				31C6DA5B1FE108A600E560A5 /* FlattenStrategy.swift */,
				31C6DA5C1FE108A600E560A5 /* Info.plist */,
			);
			path = RxAutomaton;
			sourceTree = "<group>";
		};
		31CE13FD1FF0CD1F0065AF28 /* CustomSection */ = {
			isa = PBXGroup;
			children = (
				31CE13FE1FF0CD2B0065AF28 /* CustomSectionTableViewController.swift */,
				31CE14001FF0CD370065AF28 /* CustomSectionTableViewCell.swift */,
				31B00A8F1FF0D0E000B2FFEB /* CustomSectionHeaderFooterView.swift */,
			);
			path = CustomSection;
			sourceTree = "<group>";
		};
		31CEA1D61FF0B48000CBC549 /* BasicSection */ = {
			isa = PBXGroup;
			children = (
				31CEA1D71FF0B49500CBC549 /* BasicSectionTableViewController.swift */,
			);
			path = BasicSection;
			sourceTree = "<group>";
		};
		31DB959C1FF0AE56008D3A54 /* CustomCell */ = {
			isa = PBXGroup;
			children = (
				31DB959D1FF0AE65008D3A54 /* CustomCellTableViewController.swift */,
				31DB959F1FF0AEA9008D3A54 /* CustomCellTableViewCell.swift */,
				31DB95A11FF0AF64008D3A54 /* CustomCellModel.swift */,
			);
			path = CustomCell;
			sourceTree = "<group>";
		};
		31E3F62F1FED016A00CE0E9D /* Extensions */ = {
			isa = PBXGroup;
			children = (
				31E3F6301FED016A00CE0E9D /* Operators+Rx.swift */,
				31E3F6311FED016A00CE0E9D /* MBProgressHUD+DS.swift */,
				31E3F6321FED016A00CE0E9D /* UILabel+Rx.swift */,
				31E3F6331FED016A00CE0E9D /* UIColor+DS.swift */,
				31E3F6341FED016A00CE0E9D /* UIView+Rx.swift */,
				31E3F6351FED016A00CE0E9D /* UIButton+Rx.swift */,
				31E3F6361FED016A00CE0E9D /* AutoDeselect+Rx.swift */,
				31E3F6371FED016A00CE0E9D /* UIControl+Rx.swift */,
			);
			path = Extensions;
			sourceTree = "<group>";
		};
		31E3F6421FED03C700CE0E9D /* Collection */ = {
			isa = PBXGroup;
			children = (
				31E3F6451FED03FD00CE0E9D /* DetailViewController.swift */,
				31E3F6431FED03D200CE0E9D /* IconCollectionViewCell.swift */,
				31E3F6491FED04E300CE0E9D /* CollectionModel.swift */,
			);
			path = Collection;
			sourceTree = "<group>";
		};
		31E3F64B1FED0C1E00CE0E9D /* Extensions */ = {
			isa = PBXGroup;
			children = (
				3110675F1FF10A5400E42E7B /* UIImage+Extension.swift */,
				31E3F64C1FED0C1E00CE0E9D /* Operators+Rx.swift */,
				31E3F64D1FED0C1E00CE0E9D /* MBProgressHUD+DS.swift */,
				31E3F64E1FED0C1E00CE0E9D /* UILabel+Rx.swift */,
				31E3F64F1FED0C1E00CE0E9D /* UIColor+DS.swift */,
				31E3F6501FED0C1E00CE0E9D /* UIView+Rx.swift */,
				31E3F6511FED0C1E00CE0E9D /* UIButton+Rx.swift */,
				31E3F6521FED0C1E00CE0E9D /* AutoDeselect+Rx.swift */,
				31E3F6531FED0C1E00CE0E9D /* UIControl+Rx.swift */,
				311067561FF0FDEE00E42E7B /* UIAlertView+DS.swift */,
			);
			name = Extensions;
			path = Expand/Extensions;
			sourceTree = SOURCE_ROOT;
		};
		9BCA5BEEA5C7FA033855B7A2 /* Frameworks */ = {
			isa = PBXGroup;
			children = (
				888E6928FE1B9A653F08C14C /* Pods_TwoWayBind.framework */,
				291E2D5EFD851A09CEFA4101 /* Pods_Stopwatch.framework */,
				A583FAE114742D7B335B08DD /* Pods_DataSourceTest.framework */,
			);
			name = Frameworks;
			sourceTree = "<group>";
		};
		9D8803E3AF58D16AEE35C26E /* Pods */ = {
			isa = PBXGroup;
			children = (
				0EE5B8E3149C67B5FF5BD01C /* Pods-TwoWayBind.debug.xcconfig */,
				DBC267BF7983E94316ADD7D5 /* Pods-TwoWayBind.release.xcconfig */,
				4165B77C503F6319829C7E79 /* Pods-Stopwatch.debug.xcconfig */,
				4178C22069727557767FE4DA /* Pods-Stopwatch.release.xcconfig */,
				07ABEC58CF8BAA7708ED8FE9 /* Pods-DataSourceTest.debug.xcconfig */,
				BF6A73676C1F68A548C2A9B5 /* Pods-DataSourceTest.release.xcconfig */,
			);
			name = Pods;
			sourceTree = "<group>";
		};
/* End PBXGroup section */

/* Begin PBXNativeTarget section */
		3156E6E31FECF98A004C7708 /* DataSourceTest */ = {
			isa = PBXNativeTarget;
			buildConfigurationList = 3156E6F31FECF98B004C7708 /* Build configuration list for PBXNativeTarget "DataSourceTest" */;
			buildPhases = (
				86ACF9A8044F170795326CD4 /* [CP] Check Pods Manifest.lock */,
				3156E6E01FECF98A004C7708 /* Sources */,
				3156E6E11FECF98A004C7708 /* Frameworks */,
				3156E6E21FECF98A004C7708 /* Resources */,
				562BE5ED4A6292AAD0957100 /* [CP] Embed Pods Frameworks */,
				BA4AE82282E76256C600B655 /* [CP] Copy Pods Resources */,
			);
			buildRules = (
			);
			dependencies = (
			);
			name = DataSourceTest;
			productName = DataSourceTest;
			productReference = 3156E6E41FECF98A004C7708 /* DataSourceTest.app */;
			productType = "com.apple.product-type.application";
		};
		318C39381FD7FBAF004736A1 /* Stopwatch */ = {
			isa = PBXNativeTarget;
			buildConfigurationList = 318C394A1FD7FBB0004736A1 /* Build configuration list for PBXNativeTarget "Stopwatch" */;
			buildPhases = (
				9768519E3E801B8F2E982484 /* [CP] Check Pods Manifest.lock */,
				318C39351FD7FBAF004736A1 /* Sources */,
				318C39361FD7FBAF004736A1 /* Frameworks */,
				318C39371FD7FBAF004736A1 /* Resources */,
				1A34CA6F9B85BB3EF4C2B3FD /* [CP] Embed Pods Frameworks */,
				5C492F6E0E8D2FB25631A4B3 /* [CP] Copy Pods Resources */,
			);
			buildRules = (
			);
			dependencies = (
			);
			name = Stopwatch;
			productName = Stopwatch;
			productReference = 318C39391FD7FBAF004736A1 /* Stopwatch.app */;
			productType = "com.apple.product-type.application";
		};
		31B876171FD639FD0062C39A /* RxSamples_CocoaPods */ = {
			isa = PBXNativeTarget;
			buildConfigurationList = 31B8762A1FD639FD0062C39A /* Build configuration list for PBXNativeTarget "RxSamples_CocoaPods" */;
			buildPhases = (
				31B876141FD639FD0062C39A /* Sources */,
				31B876151FD639FD0062C39A /* Frameworks */,
				31B876161FD639FD0062C39A /* Resources */,
			);
			buildRules = (
			);
			dependencies = (
			);
			name = RxSamples_CocoaPods;
			productName = RxSamples_CocoaPods;
			productReference = 31B876181FD639FD0062C39A /* RxSamples_CocoaPods.app */;
			productType = "com.apple.product-type.application";
		};
		31B876301FD63A470062C39A /* TwoWayBind */ = {
			isa = PBXNativeTarget;
			buildConfigurationList = 31B876401FD63A480062C39A /* Build configuration list for PBXNativeTarget "TwoWayBind" */;
			buildPhases = (
				223E6A2B9FB95AB461C16FEB /* [CP] Check Pods Manifest.lock */,
				31B8762D1FD63A470062C39A /* Sources */,
				31B8762E1FD63A470062C39A /* Frameworks */,
				31B8762F1FD63A470062C39A /* Resources */,
				F8B8A96B683F82FC23492842 /* [CP] Embed Pods Frameworks */,
				FEFF0CC85FD98245DD99E73F /* [CP] Copy Pods Resources */,
			);
			buildRules = (
			);
			dependencies = (
			);
			name = TwoWayBind;
			productName = TwoWayBind;
			productReference = 31B876311FD63A470062C39A /* TwoWayBind.app */;
			productType = "com.apple.product-type.application";
		};
/* End PBXNativeTarget section */

/* Begin PBXProject section */
		31B876101FD639FD0062C39A /* Project object */ = {
			isa = PBXProject;
			attributes = {
				LastSwiftUpdateCheck = 0920;
				LastUpgradeCheck = 0910;
				ORGANIZATIONNAME = "左得胜";
				TargetAttributes = {
					3156E6E31FECF98A004C7708 = {
						CreatedOnToolsVersion = 9.2;
						ProvisioningStyle = Automatic;
					};
					318C39381FD7FBAF004736A1 = {
						CreatedOnToolsVersion = 9.2;
						ProvisioningStyle = Automatic;
					};
					31B876171FD639FD0062C39A = {
						CreatedOnToolsVersion = 9.1;
						ProvisioningStyle = Automatic;
					};
					31B876301FD63A470062C39A = {
						CreatedOnToolsVersion = 9.1;
						LastSwiftMigration = 0910;
						ProvisioningStyle = Automatic;
					};
				};
			};
			buildConfigurationList = 31B876131FD639FD0062C39A /* Build configuration list for PBXProject "RxSamples_CocoaPods" */;
			compatibilityVersion = "Xcode 8.0";
			developmentRegion = en;
			hasScannedForEncodings = 0;
			knownRegions = (
				en,
				Base,
			);
			mainGroup = 31B8760F1FD639FD0062C39A;
			productRefGroup = 31B876191FD639FD0062C39A /* Products */;
			projectDirPath = "";
			projectRoot = "";
			targets = (
				31B876171FD639FD0062C39A /* RxSamples_CocoaPods */,
				31B876301FD63A470062C39A /* TwoWayBind */,
				318C39381FD7FBAF004736A1 /* Stopwatch */,
				3156E6E31FECF98A004C7708 /* DataSourceTest */,
			);
		};
/* End PBXProject section */

/* Begin PBXResourcesBuildPhase section */
		3156E6E21FECF98A004C7708 /* Resources */ = {
			isa = PBXResourcesBuildPhase;
			buildActionMask = 2147483647;
			files = (
				3156E6F11FECF98B004C7708 /* LaunchScreen.storyboard in Resources */,
				3156E6EE1FECF98B004C7708 /* Assets.xcassets in Resources */,
				3156E6EC1FECF98B004C7708 /* Main.storyboard in Resources */,
			);
			runOnlyForDeploymentPostprocessing = 0;
		};
		318C39371FD7FBAF004736A1 /* Resources */ = {
			isa = PBXResourcesBuildPhase;
			buildActionMask = 2147483647;
			files = (
				31C6DA631FE108A600E560A5 /* Info.plist in Resources */,
				318C39461FD7FBB0004736A1 /* LaunchScreen.storyboard in Resources */,
				318C39431FD7FBB0004736A1 /* Assets.xcassets in Resources */,
				318C39411FD7FBB0004736A1 /* Main.storyboard in Resources */,
			);
			runOnlyForDeploymentPostprocessing = 0;
		};
		31B876161FD639FD0062C39A /* Resources */ = {
			isa = PBXResourcesBuildPhase;
			buildActionMask = 2147483647;
			files = (
				31B876261FD639FD0062C39A /* LaunchScreen.storyboard in Resources */,
				31B876231FD639FD0062C39A /* Assets.xcassets in Resources */,
				31B876211FD639FD0062C39A /* Main.storyboard in Resources */,
			);
			runOnlyForDeploymentPostprocessing = 0;
		};
		31B8762F1FD63A470062C39A /* Resources */ = {
			isa = PBXResourcesBuildPhase;
			buildActionMask = 2147483647;
			files = (
				31B8763E1FD63A480062C39A /* LaunchScreen.storyboard in Resources */,
				31B8763B1FD63A480062C39A /* Assets.xcassets in Resources */,
				31B876391FD63A480062C39A /* Main.storyboard in Resources */,
			);
			runOnlyForDeploymentPostprocessing = 0;
		};
/* End PBXResourcesBuildPhase section */

/* Begin PBXShellScriptBuildPhase section */
		1A34CA6F9B85BB3EF4C2B3FD /* [CP] Embed Pods Frameworks */ = {
			isa = PBXShellScriptBuildPhase;
			buildActionMask = 2147483647;
			files = (
			);
			inputPaths = (
				"${SRCROOT}/Pods/Target Support Files/Pods-Stopwatch/Pods-Stopwatch-frameworks.sh",
				"${BUILT_PRODUCTS_DIR}/Alamofire/Alamofire.framework",
				"${BUILT_PRODUCTS_DIR}/Differentiator/Differentiator.framework",
				"${BUILT_PRODUCTS_DIR}/MBProgressHUD/MBProgressHUD.framework",
				"${BUILT_PRODUCTS_DIR}/QBImagePickerController/QBImagePickerController.framework",
				"${BUILT_PRODUCTS_DIR}/RxCocoa/RxCocoa.framework",
				"${BUILT_PRODUCTS_DIR}/RxDataSources/RxDataSources.framework",
				"${BUILT_PRODUCTS_DIR}/RxSwift/RxSwift.framework",
				"${BUILT_PRODUCTS_DIR}/SnapKit/SnapKit.framework",
				"${BUILT_PRODUCTS_DIR}/SwiftyJSON/SwiftyJSON.framework",
			);
			name = "[CP] Embed Pods Frameworks";
			outputPaths = (
				"${TARGET_BUILD_DIR}/${FRAMEWORKS_FOLDER_PATH}/Alamofire.framework",
				"${TARGET_BUILD_DIR}/${FRAMEWORKS_FOLDER_PATH}/Differentiator.framework",
				"${TARGET_BUILD_DIR}/${FRAMEWORKS_FOLDER_PATH}/MBProgressHUD.framework",
				"${TARGET_BUILD_DIR}/${FRAMEWORKS_FOLDER_PATH}/QBImagePickerController.framework",
				"${TARGET_BUILD_DIR}/${FRAMEWORKS_FOLDER_PATH}/RxCocoa.framework",
				"${TARGET_BUILD_DIR}/${FRAMEWORKS_FOLDER_PATH}/RxDataSources.framework",
				"${TARGET_BUILD_DIR}/${FRAMEWORKS_FOLDER_PATH}/RxSwift.framework",
				"${TARGET_BUILD_DIR}/${FRAMEWORKS_FOLDER_PATH}/SnapKit.framework",
				"${TARGET_BUILD_DIR}/${FRAMEWORKS_FOLDER_PATH}/SwiftyJSON.framework",
			);
			runOnlyForDeploymentPostprocessing = 0;
			shellPath = /bin/sh;
			shellScript = "\"${SRCROOT}/Pods/Target Support Files/Pods-Stopwatch/Pods-Stopwatch-frameworks.sh\"\n";
			showEnvVarsInLog = 0;
		};
		223E6A2B9FB95AB461C16FEB /* [CP] Check Pods Manifest.lock */ = {
			isa = PBXShellScriptBuildPhase;
			buildActionMask = 2147483647;
			files = (
			);
			inputPaths = (
				"${PODS_PODFILE_DIR_PATH}/Podfile.lock",
				"${PODS_ROOT}/Manifest.lock",
			);
			name = "[CP] Check Pods Manifest.lock";
			outputPaths = (
				"$(DERIVED_FILE_DIR)/Pods-TwoWayBind-checkManifestLockResult.txt",
			);
			runOnlyForDeploymentPostprocessing = 0;
			shellPath = /bin/sh;
			shellScript = "diff \"${PODS_PODFILE_DIR_PATH}/Podfile.lock\" \"${PODS_ROOT}/Manifest.lock\" > /dev/null\nif [ $? != 0 ] ; then\n    # print error to STDERR\n    echo \"error: The sandbox is not in sync with the Podfile.lock. Run 'pod install' or update your CocoaPods installation.\" >&2\n    exit 1\nfi\n# This output is used by Xcode 'outputs' to avoid re-running this script phase.\necho \"SUCCESS\" > \"${SCRIPT_OUTPUT_FILE_0}\"\n";
			showEnvVarsInLog = 0;
		};
		562BE5ED4A6292AAD0957100 /* [CP] Embed Pods Frameworks */ = {
			isa = PBXShellScriptBuildPhase;
			buildActionMask = 2147483647;
			files = (
			);
			inputPaths = (
				"${SRCROOT}/Pods/Target Support Files/Pods-DataSourceTest/Pods-DataSourceTest-frameworks.sh",
				"${BUILT_PRODUCTS_DIR}/Alamofire/Alamofire.framework",
				"${BUILT_PRODUCTS_DIR}/Differentiator/Differentiator.framework",
				"${BUILT_PRODUCTS_DIR}/MBProgressHUD/MBProgressHUD.framework",
				"${BUILT_PRODUCTS_DIR}/QBImagePickerController/QBImagePickerController.framework",
				"${BUILT_PRODUCTS_DIR}/RxCocoa/RxCocoa.framework",
				"${BUILT_PRODUCTS_DIR}/RxDataSources/RxDataSources.framework",
				"${BUILT_PRODUCTS_DIR}/RxSwift/RxSwift.framework",
				"${BUILT_PRODUCTS_DIR}/SnapKit/SnapKit.framework",
				"${BUILT_PRODUCTS_DIR}/SwiftyJSON/SwiftyJSON.framework",
			);
			name = "[CP] Embed Pods Frameworks";
			outputPaths = (
				"${TARGET_BUILD_DIR}/${FRAMEWORKS_FOLDER_PATH}/Alamofire.framework",
				"${TARGET_BUILD_DIR}/${FRAMEWORKS_FOLDER_PATH}/Differentiator.framework",
				"${TARGET_BUILD_DIR}/${FRAMEWORKS_FOLDER_PATH}/MBProgressHUD.framework",
				"${TARGET_BUILD_DIR}/${FRAMEWORKS_FOLDER_PATH}/QBImagePickerController.framework",
				"${TARGET_BUILD_DIR}/${FRAMEWORKS_FOLDER_PATH}/RxCocoa.framework",
				"${TARGET_BUILD_DIR}/${FRAMEWORKS_FOLDER_PATH}/RxDataSources.framework",
				"${TARGET_BUILD_DIR}/${FRAMEWORKS_FOLDER_PATH}/RxSwift.framework",
				"${TARGET_BUILD_DIR}/${FRAMEWORKS_FOLDER_PATH}/SnapKit.framework",
				"${TARGET_BUILD_DIR}/${FRAMEWORKS_FOLDER_PATH}/SwiftyJSON.framework",
			);
			runOnlyForDeploymentPostprocessing = 0;
			shellPath = /bin/sh;
			shellScript = "\"${SRCROOT}/Pods/Target Support Files/Pods-DataSourceTest/Pods-DataSourceTest-frameworks.sh\"\n";
			showEnvVarsInLog = 0;
		};
		5C492F6E0E8D2FB25631A4B3 /* [CP] Copy Pods Resources */ = {
			isa = PBXShellScriptBuildPhase;
			buildActionMask = 2147483647;
			files = (
			);
			inputPaths = (
			);
			name = "[CP] Copy Pods Resources";
			outputPaths = (
			);
			runOnlyForDeploymentPostprocessing = 0;
			shellPath = /bin/sh;
			shellScript = "\"${SRCROOT}/Pods/Target Support Files/Pods-Stopwatch/Pods-Stopwatch-resources.sh\"\n";
			showEnvVarsInLog = 0;
		};
		86ACF9A8044F170795326CD4 /* [CP] Check Pods Manifest.lock */ = {
			isa = PBXShellScriptBuildPhase;
			buildActionMask = 2147483647;
			files = (
			);
			inputPaths = (
				"${PODS_PODFILE_DIR_PATH}/Podfile.lock",
				"${PODS_ROOT}/Manifest.lock",
			);
			name = "[CP] Check Pods Manifest.lock";
			outputPaths = (
				"$(DERIVED_FILE_DIR)/Pods-DataSourceTest-checkManifestLockResult.txt",
			);
			runOnlyForDeploymentPostprocessing = 0;
			shellPath = /bin/sh;
			shellScript = "diff \"${PODS_PODFILE_DIR_PATH}/Podfile.lock\" \"${PODS_ROOT}/Manifest.lock\" > /dev/null\nif [ $? != 0 ] ; then\n    # print error to STDERR\n    echo \"error: The sandbox is not in sync with the Podfile.lock. Run 'pod install' or update your CocoaPods installation.\" >&2\n    exit 1\nfi\n# This output is used by Xcode 'outputs' to avoid re-running this script phase.\necho \"SUCCESS\" > \"${SCRIPT_OUTPUT_FILE_0}\"\n";
			showEnvVarsInLog = 0;
		};
		9768519E3E801B8F2E982484 /* [CP] Check Pods Manifest.lock */ = {
			isa = PBXShellScriptBuildPhase;
			buildActionMask = 2147483647;
			files = (
			);
			inputPaths = (
				"${PODS_PODFILE_DIR_PATH}/Podfile.lock",
				"${PODS_ROOT}/Manifest.lock",
			);
			name = "[CP] Check Pods Manifest.lock";
			outputPaths = (
				"$(DERIVED_FILE_DIR)/Pods-Stopwatch-checkManifestLockResult.txt",
			);
			runOnlyForDeploymentPostprocessing = 0;
			shellPath = /bin/sh;
			shellScript = "diff \"${PODS_PODFILE_DIR_PATH}/Podfile.lock\" \"${PODS_ROOT}/Manifest.lock\" > /dev/null\nif [ $? != 0 ] ; then\n    # print error to STDERR\n    echo \"error: The sandbox is not in sync with the Podfile.lock. Run 'pod install' or update your CocoaPods installation.\" >&2\n    exit 1\nfi\n# This output is used by Xcode 'outputs' to avoid re-running this script phase.\necho \"SUCCESS\" > \"${SCRIPT_OUTPUT_FILE_0}\"\n";
			showEnvVarsInLog = 0;
		};
		BA4AE82282E76256C600B655 /* [CP] Copy Pods Resources */ = {
			isa = PBXShellScriptBuildPhase;
			buildActionMask = 2147483647;
			files = (
			);
			inputPaths = (
			);
			name = "[CP] Copy Pods Resources";
			outputPaths = (
			);
			runOnlyForDeploymentPostprocessing = 0;
			shellPath = /bin/sh;
			shellScript = "\"${SRCROOT}/Pods/Target Support Files/Pods-DataSourceTest/Pods-DataSourceTest-resources.sh\"\n";
			showEnvVarsInLog = 0;
		};
		F8B8A96B683F82FC23492842 /* [CP] Embed Pods Frameworks */ = {
			isa = PBXShellScriptBuildPhase;
			buildActionMask = 2147483647;
			files = (
			);
			inputPaths = (
				"${SRCROOT}/Pods/Target Support Files/Pods-TwoWayBind/Pods-TwoWayBind-frameworks.sh",
				"${BUILT_PRODUCTS_DIR}/Alamofire/Alamofire.framework",
				"${BUILT_PRODUCTS_DIR}/Differentiator/Differentiator.framework",
				"${BUILT_PRODUCTS_DIR}/MBProgressHUD/MBProgressHUD.framework",
				"${BUILT_PRODUCTS_DIR}/QBImagePickerController/QBImagePickerController.framework",
				"${BUILT_PRODUCTS_DIR}/RxCocoa/RxCocoa.framework",
				"${BUILT_PRODUCTS_DIR}/RxDataSources/RxDataSources.framework",
				"${BUILT_PRODUCTS_DIR}/RxSwift/RxSwift.framework",
				"${BUILT_PRODUCTS_DIR}/SnapKit/SnapKit.framework",
				"${BUILT_PRODUCTS_DIR}/SwiftyJSON/SwiftyJSON.framework",
			);
			name = "[CP] Embed Pods Frameworks";
			outputPaths = (
				"${TARGET_BUILD_DIR}/${FRAMEWORKS_FOLDER_PATH}/Alamofire.framework",
				"${TARGET_BUILD_DIR}/${FRAMEWORKS_FOLDER_PATH}/Differentiator.framework",
				"${TARGET_BUILD_DIR}/${FRAMEWORKS_FOLDER_PATH}/MBProgressHUD.framework",
				"${TARGET_BUILD_DIR}/${FRAMEWORKS_FOLDER_PATH}/QBImagePickerController.framework",
				"${TARGET_BUILD_DIR}/${FRAMEWORKS_FOLDER_PATH}/RxCocoa.framework",
				"${TARGET_BUILD_DIR}/${FRAMEWORKS_FOLDER_PATH}/RxDataSources.framework",
				"${TARGET_BUILD_DIR}/${FRAMEWORKS_FOLDER_PATH}/RxSwift.framework",
				"${TARGET_BUILD_DIR}/${FRAMEWORKS_FOLDER_PATH}/SnapKit.framework",
				"${TARGET_BUILD_DIR}/${FRAMEWORKS_FOLDER_PATH}/SwiftyJSON.framework",
			);
			runOnlyForDeploymentPostprocessing = 0;
			shellPath = /bin/sh;
			shellScript = "\"${SRCROOT}/Pods/Target Support Files/Pods-TwoWayBind/Pods-TwoWayBind-frameworks.sh\"\n";
			showEnvVarsInLog = 0;
		};
		FEFF0CC85FD98245DD99E73F /* [CP] Copy Pods Resources */ = {
			isa = PBXShellScriptBuildPhase;
			buildActionMask = 2147483647;
			files = (
			);
			inputPaths = (
			);
			name = "[CP] Copy Pods Resources";
			outputPaths = (
			);
			runOnlyForDeploymentPostprocessing = 0;
			shellPath = /bin/sh;
			shellScript = "\"${SRCROOT}/Pods/Target Support Files/Pods-TwoWayBind/Pods-TwoWayBind-resources.sh\"\n";
			showEnvVarsInLog = 0;
		};
/* End PBXShellScriptBuildPhase section */

/* Begin PBXSourcesBuildPhase section */
		3156E6E01FECF98A004C7708 /* Sources */ = {
			isa = PBXSourcesBuildPhase;
			buildActionMask = 2147483647;
			files = (
				31E3F6481FED042200CE0E9D /* HomeTableViewController.swift in Sources */,
				31B00A901FF0D0E000B2FFEB /* CustomSectionHeaderFooterView.swift in Sources */,
				31E3F6461FED03FD00CE0E9D /* DetailViewController.swift in Sources */,
				311067531FF0F06C00E42E7B /* MultiplyCellTableViewCell.swift in Sources */,
				3110675A1FF1040D00E42E7B /* InsideCellClickTableViewController.swift in Sources */,
				31E3F6581FED0C1E00CE0E9D /* UIView+Rx.swift in Sources */,
				31E3F65A1FED0C1E00CE0E9D /* AutoDeselect+Rx.swift in Sources */,
				3156E6E71FECF98A004C7708 /* AppDelegate.swift in Sources */,
				31E3F6551FED0C1E00CE0E9D /* MBProgressHUD+DS.swift in Sources */,
				311067511FF0EFC900E42E7B /* MultiplyCellTableViewController.swift in Sources */,
				31E3F6591FED0C1E00CE0E9D /* UIButton+Rx.swift in Sources */,
				311067571FF0FDEE00E42E7B /* UIAlertView+DS.swift in Sources */,
				3110675C1FF1051500E42E7B /* InsideCellClickModel.swift in Sources */,
				31E3F6441FED03D200CE0E9D /* IconCollectionViewCell.swift in Sources */,
				311067551FF0F10200E42E7B /* MultiplyCellModel.swift in Sources */,
				311067601FF10A5400E42E7B /* UIImage+Extension.swift in Sources */,
				31CE14011FF0CD370065AF28 /* CustomSectionTableViewCell.swift in Sources */,
				31DB95A01FF0AEA9008D3A54 /* CustomCellTableViewCell.swift in Sources */,
				31E3F65B1FED0C1E00CE0E9D /* UIControl+Rx.swift in Sources */,
				31E3F64A1FED04E300CE0E9D /* CollectionModel.swift in Sources */,
				31E3F6561FED0C1E00CE0E9D /* UILabel+Rx.swift in Sources */,
				31CE13FF1FF0CD2B0065AF28 /* CustomSectionTableViewController.swift in Sources */,
				31CEA1D81FF0B49500CBC549 /* BasicSectionTableViewController.swift in Sources */,
				31DB95A21FF0AF64008D3A54 /* CustomCellModel.swift in Sources */,
				31E3F6571FED0C1E00CE0E9D /* UIColor+DS.swift in Sources */,
				31DB959E1FF0AE65008D3A54 /* CustomCellTableViewController.swift in Sources */,
				31E3F6541FED0C1E00CE0E9D /* Operators+Rx.swift in Sources */,
				3110675E1FF105EE00E42E7B /* InsideCellClickTableViewCell.swift in Sources */,
			);
			runOnlyForDeploymentPostprocessing = 0;
		};
		318C39351FD7FBAF004736A1 /* Sources */ = {
			isa = PBXSourcesBuildPhase;
			buildActionMask = 2147483647;
			files = (
				31C6DA5F1FE108A600E560A5 /* Reply.swift in Sources */,
				31628FBA1FD8EE6F001E1F63 /* TimingViewModel.swift in Sources */,
				318C393C1FD7FBB0004736A1 /* AppDelegate.swift in Sources */,
				31628FC61FD9270B001E1F63 /* Operators+Rx.swift in Sources */,
				31628FCA1FD9270B001E1F63 /* AutoDeselect+Rx.swift in Sources */,
				31628FC91FD9270B001E1F63 /* UIButton+Rx.swift in Sources */,
				318C394C1FD7FDB5004736A1 /* HomeViewController.swift in Sources */,
				31628FB21FD8E6B1001E1F63 /* DetailViewController.swift in Sources */,
				31C6DA601FE108A600E560A5 /* Mapping+Helper.swift in Sources */,
				31628FB81FD8EE58001E1F63 /* BasicViewModel.swift in Sources */,
				31628FC71FD9270B001E1F63 /* UIColor+DS.swift in Sources */,
				31C6DA5E1FE108A600E560A5 /* Automaton.swift in Sources */,
				31628FCB1FD9270B001E1F63 /* UIControl+Rx.swift in Sources */,
				31C6DA621FE108A600E560A5 /* FlattenStrategy.swift in Sources */,
				31628FBC1FD8EE78001E1F63 /* FinalViewModel.swift in Sources */,
				31628FB61FD8E815001E1F63 /* DSTool.swift in Sources */,
				319B56AD1FDADD6200C7FD0F /* UILabel+Rx.swift in Sources */,
				31C6DA5D1FE108A600E560A5 /* RxSwift+Pipe.swift in Sources */,
				31628FC81FD9270B001E1F63 /* UIView+Rx.swift in Sources */,
				31C6DA611FE108A600E560A5 /* RxSwift+Then.swift in Sources */,
				31628FB41FD8E749001E1F63 /* HomeItemModel.swift in Sources */,
			);
			runOnlyForDeploymentPostprocessing = 0;
		};
		31B876141FD639FD0062C39A /* Sources */ = {
			isa = PBXSourcesBuildPhase;
			buildActionMask = 2147483647;
			files = (
				31B8761E1FD639FD0062C39A /* ViewController.swift in Sources */,
				31B8761C1FD639FD0062C39A /* AppDelegate.swift in Sources */,
			);
			runOnlyForDeploymentPostprocessing = 0;
		};
		31B8762D1FD63A470062C39A /* Sources */ = {
			isa = PBXSourcesBuildPhase;
			buildActionMask = 2147483647;
			files = (
				318B3C771FD7863F00428ADF /* PushSettingViewModel.swift in Sources */,
				318B3C751FD7858C00428ADF /* PushSettingModel.swift in Sources */,
				310288AC1FD6908400FACDAF /* PaymentModel.swift in Sources */,
				31E3F63D1FED016A00CE0E9D /* UIButton+Rx.swift in Sources */,
				31E3F6381FED016A00CE0E9D /* Operators+Rx.swift in Sources */,
				318B3C731FD7843D00428ADF /* SelectTableViewHeaderFooterView.swift in Sources */,
				310288AA1FD68F2A00FACDAF /* PaymentTableViewCell.swift in Sources */,
				310288A81FD68EA800FACDAF /* SelectPaymentViewController.swift in Sources */,
				31B876341FD63A480062C39A /* AppDelegate.swift in Sources */,
				31B876BC1FD6430F0062C39A /* ProductTableViewCell.swift in Sources */,
				318B3C6F1FD7824900428ADF /* PushSettingViewController.swift in Sources */,
				31E3F63B1FED016A00CE0E9D /* UIColor+DS.swift in Sources */,
				31E3F6391FED016A00CE0E9D /* MBProgressHUD+DS.swift in Sources */,
				31E3F63E1FED016A00CE0E9D /* AutoDeselect+Rx.swift in Sources */,
				31B876B81FD642D20062C39A /* ShipmentDealViewController.swift in Sources */,
				31E3F63A1FED016A00CE0E9D /* UILabel+Rx.swift in Sources */,
				31B876BA1FD642F90062C39A /* ProductInfoModel.swift in Sources */,
				31E3F63F1FED016A00CE0E9D /* UIControl+Rx.swift in Sources */,
				31E3F63C1FED016A00CE0E9D /* UIView+Rx.swift in Sources */,
				318B3C711FD7828F00428ADF /* SelectTableViewCell.swift in Sources */,
			);
			runOnlyForDeploymentPostprocessing = 0;
		};
/* End PBXSourcesBuildPhase section */

/* Begin PBXVariantGroup section */
		3156E6EA1FECF98B004C7708 /* Main.storyboard */ = {
			isa = PBXVariantGroup;
			children = (
				3156E6EB1FECF98B004C7708 /* Base */,
			);
			name = Main.storyboard;
			sourceTree = "<group>";
		};
		3156E6EF1FECF98B004C7708 /* LaunchScreen.storyboard */ = {
			isa = PBXVariantGroup;
			children = (
				3156E6F01FECF98B004C7708 /* Base */,
			);
			name = LaunchScreen.storyboard;
			sourceTree = "<group>";
		};
		318C393F1FD7FBB0004736A1 /* Main.storyboard */ = {
			isa = PBXVariantGroup;
			children = (
				318C39401FD7FBB0004736A1 /* Base */,
			);
			name = Main.storyboard;
			sourceTree = "<group>";
		};
		318C39441FD7FBB0004736A1 /* LaunchScreen.storyboard */ = {
			isa = PBXVariantGroup;
			children = (
				318C39451FD7FBB0004736A1 /* Base */,
			);
			name = LaunchScreen.storyboard;
			sourceTree = "<group>";
		};
		31B8761F1FD639FD0062C39A /* Main.storyboard */ = {
			isa = PBXVariantGroup;
			children = (
				31B876201FD639FD0062C39A /* Base */,
			);
			name = Main.storyboard;
			sourceTree = "<group>";
		};
		31B876241FD639FD0062C39A /* LaunchScreen.storyboard */ = {
			isa = PBXVariantGroup;
			children = (
				31B876251FD639FD0062C39A /* Base */,
			);
			name = LaunchScreen.storyboard;
			sourceTree = "<group>";
		};
		31B876371FD63A480062C39A /* Main.storyboard */ = {
			isa = PBXVariantGroup;
			children = (
				31B876381FD63A480062C39A /* Base */,
			);
			name = Main.storyboard;
			sourceTree = "<group>";
		};
		31B8763C1FD63A480062C39A /* LaunchScreen.storyboard */ = {
			isa = PBXVariantGroup;
			children = (
				31B8763D1FD63A480062C39A /* Base */,
			);
			name = LaunchScreen.storyboard;
			sourceTree = "<group>";
		};
/* End PBXVariantGroup section */

/* Begin XCBuildConfiguration section */
		3156E6F41FECF98B004C7708 /* Debug */ = {
			isa = XCBuildConfiguration;
			baseConfigurationReference = 07ABEC58CF8BAA7708ED8FE9 /* Pods-DataSourceTest.debug.xcconfig */;
			buildSettings = {
				ASSETCATALOG_COMPILER_APPICON_NAME = AppIcon;
				CODE_SIGN_STYLE = Automatic;
				DEVELOPMENT_TEAM = 6CT8FYEK5B;
				INFOPLIST_FILE = DataSourceTest/Info.plist;
				IPHONEOS_DEPLOYMENT_TARGET = 9.0;
				LD_RUNPATH_SEARCH_PATHS = "$(inherited) @executable_path/Frameworks";
				PRODUCT_BUNDLE_IDENTIFIER = com.qtds8810.DataSourceTest;
				PRODUCT_NAME = "$(TARGET_NAME)";
				SWIFT_VERSION = 4.0;
				TARGETED_DEVICE_FAMILY = "1,2";
			};
			name = Debug;
		};
		3156E6F51FECF98B004C7708 /* Release */ = {
			isa = XCBuildConfiguration;
			baseConfigurationReference = BF6A73676C1F68A548C2A9B5 /* Pods-DataSourceTest.release.xcconfig */;
			buildSettings = {
				ASSETCATALOG_COMPILER_APPICON_NAME = AppIcon;
				CODE_SIGN_STYLE = Automatic;
				DEVELOPMENT_TEAM = 6CT8FYEK5B;
				INFOPLIST_FILE = DataSourceTest/Info.plist;
				IPHONEOS_DEPLOYMENT_TARGET = 9.0;
				LD_RUNPATH_SEARCH_PATHS = "$(inherited) @executable_path/Frameworks";
				PRODUCT_BUNDLE_IDENTIFIER = com.qtds8810.DataSourceTest;
				PRODUCT_NAME = "$(TARGET_NAME)";
				SWIFT_VERSION = 4.0;
				TARGETED_DEVICE_FAMILY = "1,2";
			};
			name = Release;
		};
		318C39481FD7FBB0004736A1 /* Debug */ = {
			isa = XCBuildConfiguration;
			baseConfigurationReference = 4165B77C503F6319829C7E79 /* Pods-Stopwatch.debug.xcconfig */;
			buildSettings = {
				ASSETCATALOG_COMPILER_APPICON_NAME = AppIcon;
				CODE_SIGN_STYLE = Automatic;
				DEVELOPMENT_TEAM = J8SAL3RUG6;
				INFOPLIST_FILE = Stopwatch/Info.plist;
				IPHONEOS_DEPLOYMENT_TARGET = 8.0;
				LD_RUNPATH_SEARCH_PATHS = "$(inherited) @executable_path/Frameworks";
				PRODUCT_BUNDLE_IDENTIFIER = com.qtds8810.Stopwatch;
				PRODUCT_NAME = "$(TARGET_NAME)";
				SWIFT_VERSION = 4.0;
				TARGETED_DEVICE_FAMILY = "1,2";
			};
			name = Debug;
		};
		318C39491FD7FBB0004736A1 /* Release */ = {
			isa = XCBuildConfiguration;
			baseConfigurationReference = 4178C22069727557767FE4DA /* Pods-Stopwatch.release.xcconfig */;
			buildSettings = {
				ASSETCATALOG_COMPILER_APPICON_NAME = AppIcon;
				CODE_SIGN_STYLE = Automatic;
				DEVELOPMENT_TEAM = J8SAL3RUG6;
				INFOPLIST_FILE = Stopwatch/Info.plist;
				IPHONEOS_DEPLOYMENT_TARGET = 8.0;
				LD_RUNPATH_SEARCH_PATHS = "$(inherited) @executable_path/Frameworks";
				PRODUCT_BUNDLE_IDENTIFIER = com.qtds8810.Stopwatch;
				PRODUCT_NAME = "$(TARGET_NAME)";
				SWIFT_VERSION = 4.0;
				TARGETED_DEVICE_FAMILY = "1,2";
			};
			name = Release;
		};
		31B876281FD639FD0062C39A /* Debug */ = {
			isa = XCBuildConfiguration;
			buildSettings = {
				ALWAYS_SEARCH_USER_PATHS = NO;
				CLANG_ANALYZER_NONNULL = YES;
				CLANG_ANALYZER_NUMBER_OBJECT_CONVERSION = YES_AGGRESSIVE;
				CLANG_CXX_LANGUAGE_STANDARD = "gnu++14";
				CLANG_CXX_LIBRARY = "libc++";
				CLANG_ENABLE_MODULES = YES;
				CLANG_ENABLE_OBJC_ARC = YES;
				CLANG_WARN_BLOCK_CAPTURE_AUTORELEASING = YES;
				CLANG_WARN_BOOL_CONVERSION = YES;
				CLANG_WARN_COMMA = YES;
				CLANG_WARN_CONSTANT_CONVERSION = YES;
				CLANG_WARN_DIRECT_OBJC_ISA_USAGE = YES_ERROR;
				CLANG_WARN_DOCUMENTATION_COMMENTS = YES;
				CLANG_WARN_EMPTY_BODY = YES;
				CLANG_WARN_ENUM_CONVERSION = YES;
				CLANG_WARN_INFINITE_RECURSION = YES;
				CLANG_WARN_INT_CONVERSION = YES;
				CLANG_WARN_NON_LITERAL_NULL_CONVERSION = YES;
				CLANG_WARN_OBJC_LITERAL_CONVERSION = YES;
				CLANG_WARN_OBJC_ROOT_CLASS = YES_ERROR;
				CLANG_WARN_RANGE_LOOP_ANALYSIS = YES;
				CLANG_WARN_STRICT_PROTOTYPES = YES;
				CLANG_WARN_SUSPICIOUS_MOVE = YES;
				CLANG_WARN_UNGUARDED_AVAILABILITY = YES_AGGRESSIVE;
				CLANG_WARN_UNREACHABLE_CODE = YES;
				CLANG_WARN__DUPLICATE_METHOD_MATCH = YES;
				CODE_SIGN_IDENTITY = "iPhone Developer";
				COPY_PHASE_STRIP = NO;
				DEBUG_INFORMATION_FORMAT = dwarf;
				ENABLE_STRICT_OBJC_MSGSEND = YES;
				ENABLE_TESTABILITY = YES;
				GCC_C_LANGUAGE_STANDARD = gnu11;
				GCC_DYNAMIC_NO_PIC = NO;
				GCC_NO_COMMON_BLOCKS = YES;
				GCC_OPTIMIZATION_LEVEL = 0;
				GCC_PREPROCESSOR_DEFINITIONS = (
					"DEBUG=1",
					"$(inherited)",
				);
				GCC_WARN_64_TO_32_BIT_CONVERSION = YES;
				GCC_WARN_ABOUT_RETURN_TYPE = YES_ERROR;
				GCC_WARN_UNDECLARED_SELECTOR = YES;
				GCC_WARN_UNINITIALIZED_AUTOS = YES_AGGRESSIVE;
				GCC_WARN_UNUSED_FUNCTION = YES;
				GCC_WARN_UNUSED_VARIABLE = YES;
				IPHONEOS_DEPLOYMENT_TARGET = 8.0;
				MTL_ENABLE_DEBUG_INFO = YES;
				ONLY_ACTIVE_ARCH = YES;
				SDKROOT = iphoneos;
				SWIFT_ACTIVE_COMPILATION_CONDITIONS = DEBUG;
				SWIFT_OPTIMIZATION_LEVEL = "-Onone";
			};
			name = Debug;
		};
		31B876291FD639FD0062C39A /* Release */ = {
			isa = XCBuildConfiguration;
			buildSettings = {
				ALWAYS_SEARCH_USER_PATHS = NO;
				CLANG_ANALYZER_NONNULL = YES;
				CLANG_ANALYZER_NUMBER_OBJECT_CONVERSION = YES_AGGRESSIVE;
				CLANG_CXX_LANGUAGE_STANDARD = "gnu++14";
				CLANG_CXX_LIBRARY = "libc++";
				CLANG_ENABLE_MODULES = YES;
				CLANG_ENABLE_OBJC_ARC = YES;
				CLANG_WARN_BLOCK_CAPTURE_AUTORELEASING = YES;
				CLANG_WARN_BOOL_CONVERSION = YES;
				CLANG_WARN_COMMA = YES;
				CLANG_WARN_CONSTANT_CONVERSION = YES;
				CLANG_WARN_DIRECT_OBJC_ISA_USAGE = YES_ERROR;
				CLANG_WARN_DOCUMENTATION_COMMENTS = YES;
				CLANG_WARN_EMPTY_BODY = YES;
				CLANG_WARN_ENUM_CONVERSION = YES;
				CLANG_WARN_INFINITE_RECURSION = YES;
				CLANG_WARN_INT_CONVERSION = YES;
				CLANG_WARN_NON_LITERAL_NULL_CONVERSION = YES;
				CLANG_WARN_OBJC_LITERAL_CONVERSION = YES;
				CLANG_WARN_OBJC_ROOT_CLASS = YES_ERROR;
				CLANG_WARN_RANGE_LOOP_ANALYSIS = YES;
				CLANG_WARN_STRICT_PROTOTYPES = YES;
				CLANG_WARN_SUSPICIOUS_MOVE = YES;
				CLANG_WARN_UNGUARDED_AVAILABILITY = YES_AGGRESSIVE;
				CLANG_WARN_UNREACHABLE_CODE = YES;
				CLANG_WARN__DUPLICATE_METHOD_MATCH = YES;
				CODE_SIGN_IDENTITY = "iPhone Developer";
				COPY_PHASE_STRIP = NO;
				DEBUG_INFORMATION_FORMAT = "dwarf-with-dsym";
				ENABLE_NS_ASSERTIONS = NO;
				ENABLE_STRICT_OBJC_MSGSEND = YES;
				GCC_C_LANGUAGE_STANDARD = gnu11;
				GCC_NO_COMMON_BLOCKS = YES;
				GCC_WARN_64_TO_32_BIT_CONVERSION = YES;
				GCC_WARN_ABOUT_RETURN_TYPE = YES_ERROR;
				GCC_WARN_UNDECLARED_SELECTOR = YES;
				GCC_WARN_UNINITIALIZED_AUTOS = YES_AGGRESSIVE;
				GCC_WARN_UNUSED_FUNCTION = YES;
				GCC_WARN_UNUSED_VARIABLE = YES;
				IPHONEOS_DEPLOYMENT_TARGET = 8.0;
				MTL_ENABLE_DEBUG_INFO = NO;
				SDKROOT = iphoneos;
				SWIFT_OPTIMIZATION_LEVEL = "-Owholemodule";
				VALIDATE_PRODUCT = YES;
			};
			name = Release;
		};
		31B8762B1FD639FD0062C39A /* Debug */ = {
			isa = XCBuildConfiguration;
			buildSettings = {
				ASSETCATALOG_COMPILER_APPICON_NAME = AppIcon;
				CODE_SIGN_STYLE = Automatic;
				DEVELOPMENT_TEAM = J8SAL3RUG6;
				INFOPLIST_FILE = RxSamples_CocoaPods/Info.plist;
				LD_RUNPATH_SEARCH_PATHS = "$(inherited) @executable_path/Frameworks";
				PRODUCT_BUNDLE_IDENTIFIER = "com.qtds8810.RxSamples-CocoaPods";
				PRODUCT_NAME = "$(TARGET_NAME)";
				SWIFT_VERSION = 4.0;
				TARGETED_DEVICE_FAMILY = "1,2";
			};
			name = Debug;
		};
		31B8762C1FD639FD0062C39A /* Release */ = {
			isa = XCBuildConfiguration;
			buildSettings = {
				ASSETCATALOG_COMPILER_APPICON_NAME = AppIcon;
				CODE_SIGN_STYLE = Automatic;
				DEVELOPMENT_TEAM = J8SAL3RUG6;
				INFOPLIST_FILE = RxSamples_CocoaPods/Info.plist;
				LD_RUNPATH_SEARCH_PATHS = "$(inherited) @executable_path/Frameworks";
				PRODUCT_BUNDLE_IDENTIFIER = "com.qtds8810.RxSamples-CocoaPods";
				PRODUCT_NAME = "$(TARGET_NAME)";
				SWIFT_VERSION = 4.0;
				TARGETED_DEVICE_FAMILY = "1,2";
			};
			name = Release;
		};
		31B876411FD63A480062C39A /* Debug */ = {
			isa = XCBuildConfiguration;
			baseConfigurationReference = 0EE5B8E3149C67B5FF5BD01C /* Pods-TwoWayBind.debug.xcconfig */;
			buildSettings = {
				ASSETCATALOG_COMPILER_APPICON_NAME = AppIcon;
				CLANG_ENABLE_MODULES = YES;
				CODE_SIGN_STYLE = Automatic;
				DEVELOPMENT_TEAM = J8SAL3RUG6;
				INFOPLIST_FILE = TwoWayBind/Info.plist;
				LD_RUNPATH_SEARCH_PATHS = "$(inherited) @executable_path/Frameworks";
				PRODUCT_BUNDLE_IDENTIFIER = com.qtds8810.TwoWayBind;
				PRODUCT_NAME = "$(TARGET_NAME)";
				SWIFT_OBJC_BRIDGING_HEADER = "TwoWayBind/TwoWayBind-Bridging-Header.h";
				SWIFT_OPTIMIZATION_LEVEL = "-Onone";
				SWIFT_VERSION = 4.0;
				TARGETED_DEVICE_FAMILY = "1,2";
			};
			name = Debug;
		};
		31B876421FD63A480062C39A /* Release */ = {
			isa = XCBuildConfiguration;
			baseConfigurationReference = DBC267BF7983E94316ADD7D5 /* Pods-TwoWayBind.release.xcconfig */;
			buildSettings = {
				ASSETCATALOG_COMPILER_APPICON_NAME = AppIcon;
				CLANG_ENABLE_MODULES = YES;
				CODE_SIGN_STYLE = Automatic;
				DEVELOPMENT_TEAM = J8SAL3RUG6;
				INFOPLIST_FILE = TwoWayBind/Info.plist;
				LD_RUNPATH_SEARCH_PATHS = "$(inherited) @executable_path/Frameworks";
				PRODUCT_BUNDLE_IDENTIFIER = com.qtds8810.TwoWayBind;
				PRODUCT_NAME = "$(TARGET_NAME)";
				SWIFT_OBJC_BRIDGING_HEADER = "TwoWayBind/TwoWayBind-Bridging-Header.h";
				SWIFT_VERSION = 4.0;
				TARGETED_DEVICE_FAMILY = "1,2";
			};
			name = Release;
		};
/* End XCBuildConfiguration section */

/* Begin XCConfigurationList section */
		3156E6F31FECF98B004C7708 /* Build configuration list for PBXNativeTarget "DataSourceTest" */ = {
			isa = XCConfigurationList;
			buildConfigurations = (
				3156E6F41FECF98B004C7708 /* Debug */,
				3156E6F51FECF98B004C7708 /* Release */,
			);
			defaultConfigurationIsVisible = 0;
			defaultConfigurationName = Release;
		};
		318C394A1FD7FBB0004736A1 /* Build configuration list for PBXNativeTarget "Stopwatch" */ = {
			isa = XCConfigurationList;
			buildConfigurations = (
				318C39481FD7FBB0004736A1 /* Debug */,
				318C39491FD7FBB0004736A1 /* Release */,
			);
			defaultConfigurationIsVisible = 0;
			defaultConfigurationName = Release;
		};
		31B876131FD639FD0062C39A /* Build configuration list for PBXProject "RxSamples_CocoaPods" */ = {
			isa = XCConfigurationList;
			buildConfigurations = (
				31B876281FD639FD0062C39A /* Debug */,
				31B876291FD639FD0062C39A /* Release */,
			);
			defaultConfigurationIsVisible = 0;
			defaultConfigurationName = Release;
		};
		31B8762A1FD639FD0062C39A /* Build configuration list for PBXNativeTarget "RxSamples_CocoaPods" */ = {
			isa = XCConfigurationList;
			buildConfigurations = (
				31B8762B1FD639FD0062C39A /* Debug */,
				31B8762C1FD639FD0062C39A /* Release */,
			);
			defaultConfigurationIsVisible = 0;
			defaultConfigurationName = Release;
		};
		31B876401FD63A480062C39A /* Build configuration list for PBXNativeTarget "TwoWayBind" */ = {
			isa = XCConfigurationList;
			buildConfigurations = (
				31B876411FD63A480062C39A /* Debug */,
				31B876421FD63A480062C39A /* Release */,
			);
			defaultConfigurationIsVisible = 0;
			defaultConfigurationName = Release;
		};
/* End XCConfigurationList section */
	};
	rootObject = 31B876101FD639FD0062C39A /* Project object */;
}
